{
  "object": {
    "pins": [
      {
        "package": "SendBirdSDK",
        "repositoryURL": "https://github.com/sendbird/sendbird-ios-framework",
        "state": {
          "branch": null,
          "revision": "4c325efbe610ef798e46c24aec8750d751eee6d6",
          "version": "3.1.0"
        }
      }
    ]
  },
  "version": 1
}
