{
  "object": {
    "pins": [
      {
        "package": "SendbirdChatSDK",
        "repositoryURL": "https://github.com/sendbird/sendbird-chat-sdk-ios",
        "state": {
          "branch": null,
          "revision": "3125065015982175879093cac9c71b5adbe0749e",
          "version": "4.19.0"
        }
      }
    ]
  },
  "version": 1
}
