{
  "object": {
    "pins": [
      {
        "package": "SendbirdChatSDK",
        "repositoryURL": "https://github.com/sendbird/sendbird-chat-sdk-ios",
        "state": {
          "branch": null,
          "revision": "60383e62fe571b8a51b734c99f8fc432dbdb4a40",
          "version": "4.9.1"
        }
      }
    ]
  },
  "version": 1
}
