// !$*UTF8*$!
{
	archiveVersion = 1;
	classes = {
	};
	objectVersion = 54;
	objects = {

/* Begin PBXBuildFile section */
		050584E069A50774636741A4 /* MemberListVC_Overriding.swift in Sources */ = {isa = PBXBuildFile; fileRef = 715A32E5B024249C175D3A73 /* MemberListVC_Overriding.swift */; };
		05838D2F86701D3253BA76E8 /* CustomNewMessageInfo.swift in Sources */ = {isa = PBXBuildFile; fileRef = AA8781BA2734284427927163 /* CustomNewMessageInfo.swift */; };
		05EF3B883F179441278AD591 /* SendbirdChatSDK in Frameworks */ = {isa = PBXBuildFile; productRef = 74778F0EA153D6775D8BC4F6 /* SendbirdChatSDK */; };
		0B2CBE893C99F196B6BBC30B /* CustomSampleEnums.swift in Sources */ = {isa = PBXBuildFile; fileRef = 932048A2DF2D18C5E7B0241C /* CustomSampleEnums.swift */; };
		16BD02B59AC7265751BE7F3D /* MessageTranslationMessageCell.swift in Sources */ = {isa = PBXBuildFile; fileRef = 2FF0C3A9D41F9CA7E230D440 /* MessageTranslationMessageCell.swift */; };
		18E798E65CBA3F331117FD2C /* ViewController.swift in Sources */ = {isa = PBXBuildFile; fileRef = 9025529DFA82D4C194EB5391 /* ViewController.swift */; };
		1A7DBAA217C2575918761E3E /* BasicUsagesView.swift in Sources */ = {isa = PBXBuildFile; fileRef = 8F3E74E3C6D05FAC47D2B7FE /* BasicUsagesView.swift */; };
		1CBCB3FEC9820A63CEF3F809 /* MySettingsCell.swift in Sources */ = {isa = PBXBuildFile; fileRef = 126A54F8F111E828995FD06C /* MySettingsCell.swift */; };
		1E1AF8B33F4559B343A5FB58 /* CommunityChannelListViewController.swift in Sources */ = {isa = PBXBuildFile; fileRef = A8338080AC9AE1F8F89DFF05 /* CommunityChannelListViewController.swift */; };
		22D4EA3A00FBF521FE3D1624 /* BusinessMessagingTabBarController.swift in Sources */ = {isa = PBXBuildFile; fileRef = 748F2518BAA37399D41DD3CC /* BusinessMessagingTabBarController.swift */; };
		24B9B0D5DB8619080A104320 /* CustomEmptyView.swift in Sources */ = {isa = PBXBuildFile; fileRef = 2DE6549CE553EFCA6E649E6F /* CustomEmptyView.swift */; };
		29F21CACC3E083C248649E81 /* GeneralSignInViewController.xib in Resources */ = {isa = PBXBuildFile; fileRef = A8BCEC00EED3979EA4524D08 /* GeneralSignInViewController.xib */; };
		30D6FD3C65C007D6F59D3B51 /* ConnectBusinessMessagingView.xib in Resources */ = {isa = PBXBuildFile; fileRef = E00D6DB472E2D89F05B58CFD /* ConnectBusinessMessagingView.xib */; };
		33C9D1883866C8184AE70AEF /* CustomChannelListModule.swift in Sources */ = {isa = PBXBuildFile; fileRef = 4099E93E16C27E5CEB12785B /* CustomChannelListModule.swift */; };
		3546B8997F37360ACD9B296D /* BusinessMessagingSignInViewController.xib in Resources */ = {isa = PBXBuildFile; fileRef = 7F6412A0B94483A3C585B666 /* BusinessMessagingSignInViewController.xib */; };
		3C09757B8F0E2A770B427896 /* LiveStreamChannelCell.swift in Sources */ = {isa = PBXBuildFile; fileRef = B7336ED3EEE080DDF052F158 /* LiveStreamChannelCell.swift */; };
		419552E6D0EC71D3EEA92E13 /* FeedChannelListViewCell.swift in Sources */ = {isa = PBXBuildFile; fileRef = 7EB6FAC1C2EC8D79D3474335 /* FeedChannelListViewCell.swift */; };
		48B8EC5BAB2F8F2E2C97A23D /* NotificationService.swift in Sources */ = {isa = PBXBuildFile; fileRef = A2B6689974C44EA060F592DE /* NotificationService.swift */; };
		4AAF1B44CF90589E66243951 /* ChannelVC_CustomList.swift in Sources */ = {isa = PBXBuildFile; fileRef = 9D71A9CFA36C34EF4264A465 /* ChannelVC_CustomList.swift */; };
		4BD508FBC49EA9E0BE3628B1 /* UILabel+Ext.swift in Sources */ = {isa = PBXBuildFile; fileRef = 6D7ED4A7D6E59E73E28846C0 /* UILabel+Ext.swift */; };
		4D6EA72ADA7759C80ADC1478 /* CustomUserCell.swift in Sources */ = {isa = PBXBuildFile; fileRef = 96AF77F22C3689DA980F0EFF /* CustomUserCell.swift */; };
		4D876D744765ED547B7DCE05 /* InviteUserCustomManager.swift in Sources */ = {isa = PBXBuildFile; fileRef = 56585FF472897189202B81E3 /* InviteUserCustomManager.swift */; };
		506C2D85BE783568031D0EF2 /* FeedChannelListViewCell.xib in Resources */ = {isa = PBXBuildFile; fileRef = 3900205508594F1BE53CC509 /* FeedChannelListViewCell.xib */; };
		5123C0FD8A89CF53F15B67CD /* AdditionalFeaturesManager.swift in Sources */ = {isa = PBXBuildFile; fileRef = 59E9C3F514B55549435BAE9D /* AdditionalFeaturesManager.swift */; };
		52D4C02380313387757C91D7 /* ConnectBusinessMessagingView.swift in Sources */ = {isa = PBXBuildFile; fileRef = A81DF637316DF97C04D7CECB /* ConnectBusinessMessagingView.swift */; };
		53778F6EB1FE32ECA01C5E7C /* GeneralSignInViewController.swift in Sources */ = {isa = PBXBuildFile; fileRef = B943C8F50DD6CA3985E33CF6 /* GeneralSignInViewController.swift */; };
		538AF7C4BC1CCB21DFE4948B /* LiveStreamChannelListViewController.swift in Sources */ = {isa = PBXBuildFile; fileRef = CE3094ABD7D9756A038A5AB4 /* LiveStreamChannelListViewController.swift */; };
		570FF873D0A7052239BF3E5A /* CustomChannelListCell.swift in Sources */ = {isa = PBXBuildFile; fileRef = E2BB9D321E4FDE1E679A0373 /* CustomChannelListCell.swift */; };
		57E98E83B28121FB413D2F15 /* GroupChannelViewModel_AdditionalFeatures.swift in Sources */ = {isa = PBXBuildFile; fileRef = EBB823C463947E90BA7D1148 /* GroupChannelViewModel_AdditionalFeatures.swift */; };
		58006CE7B8A9632219EA02D8 /* MyOpenChannelSettingsViewController.swift in Sources */ = {isa = PBXBuildFile; fileRef = E27F72A0D096280795BF7D61 /* MyOpenChannelSettingsViewController.swift */; };
		58C2E06A73C39A7CFD96AEC5 /* Assets.xcassets in Resources */ = {isa = PBXBuildFile; fileRef = 49BBC7DDD507E9E01F953ABC /* Assets.xcassets */; };
		5AA3DC845C501D4C88640071 /* CustomAlertController.swift in Sources */ = {isa = PBXBuildFile; fileRef = 96B138E411365EF1895EFC0A /* CustomAlertController.swift */; };
		5B807D3794B90D50D08E662B /* UIImageView+Ext.swift in Sources */ = {isa = PBXBuildFile; fileRef = FBA3029EE0577CF7753B87E4 /* UIImageView+Ext.swift */; };
		5C0DC19BAC05C2F286A3B078 /* CustomBaseViewController.swift in Sources */ = {isa = PBXBuildFile; fileRef = D41DC19666A44BCF0D3C6F9E /* CustomBaseViewController.swift */; };
		5F40B6683AE1DC1B62CDAAE5 /* AIChatBotViewController.xib in Resources */ = {isa = PBXBuildFile; fileRef = D387FF3E314AF4F7AFA265F3 /* AIChatBotViewController.xib */; };
		622F668D006F8DF72A17C68C /* CustomWebView_ChatBotWidgetController.swift in Sources */ = {isa = PBXBuildFile; fileRef = 2F3F02F0620C9666AB8EFA7D /* CustomWebView_ChatBotWidgetController.swift */; };
		66A93DE4905CD2DC8D2701D0 /* ChannelListVC_CustomList.swift in Sources */ = {isa = PBXBuildFile; fileRef = EB3DB814003F6E3D146BDC70 /* ChannelListVC_CustomList.swift */; };
		66ADA39339C0B53AA3B3FE8A /* BasicUsagesView.xib in Resources */ = {isa = PBXBuildFile; fileRef = D22C301C4940E6DCA7C64C8D /* BasicUsagesView.xib */; };
		66C385F18479DB17BDDE1E67 /* ChannelVC_AdditionalFeatures.swift in Sources */ = {isa = PBXBuildFile; fileRef = A43EA4B59C42F807C76F7B74 /* ChannelVC_AdditionalFeatures.swift */; };
		6DDF71BD4482F73E16BE4248 /* MySettingsViewController.swift in Sources */ = {isa = PBXBuildFile; fileRef = 9663C9727C1B5E234A8A18C5 /* MySettingsViewController.swift */; };
		6FEF3676C6D77FADD7C9A257 /* CreateCommunityChannelViewController.swift in Sources */ = {isa = PBXBuildFile; fileRef = 38115CD65C402F937815BDA2 /* CreateCommunityChannelViewController.swift */; };
		77C597431727A055167F594E /* BaseCustomManager.swift in Sources */ = {isa = PBXBuildFile; fileRef = 2A8770EE3BC2BF785C82D31C /* BaseCustomManager.swift */; };
		7C71E7DA9216F9F86D741BB4 /* AppDelegate.swift in Sources */ = {isa = PBXBuildFile; fileRef = 6AA91801860324BF877C2336 /* AppDelegate.swift */; };
		7C7E0462A6E79795564A5B29 /* FeedChannelListViewController.swift in Sources */ = {isa = PBXBuildFile; fileRef = 254D891AE9CDFE3A829B3DC7 /* FeedChannelListViewController.swift */; };
		7E24A56F2CD8C58FD4259FE7 /* GlobalSetCustomManager.swift in Sources */ = {isa = PBXBuildFile; fileRef = D52175BB76AF7926133CF704 /* GlobalSetCustomManager.swift */; };
		800F7734676CE52E234F5FF6 /* LiveStreamChannelListViewModel.swift in Sources */ = {isa = PBXBuildFile; fileRef = 897288F81F1F785225072583 /* LiveStreamChannelListViewModel.swift */; };
		87404C792A8BD0A1441DD8BF /* PaddingLabel.swift in Sources */ = {isa = PBXBuildFile; fileRef = 39CEC371C1FBADB87EA861F0 /* PaddingLabel.swift */; };
		87DCE33E11F0C22513EEAD18 /* MetadataViewController.swift in Sources */ = {isa = PBXBuildFile; fileRef = D2F911922A1B0E98CBD9500A /* MetadataViewController.swift */; };
		925717A33FF0F3E458F1996C /* ChannelVC_CustomInput.swift in Sources */ = {isa = PBXBuildFile; fileRef = EDF0FBB0F38EFF12B4C20E59 /* ChannelVC_CustomInput.swift */; };
		926A8E489652739554C4D14B /* ChannelVC_CustomMessageMenuItem.swift in Sources */ = {isa = PBXBuildFile; fileRef = 130D7FD868022B51CE1EC067 /* ChannelVC_CustomMessageMenuItem.swift */; };
		952CABAB72144676A0E7E404 /* MainView.xib in Resources */ = {isa = PBXBuildFile; fileRef = 5526A6E24F389AC90F29DF8B /* MainView.xib */; };
		957337090E0D7D9281B8BDE1 /* MainOpenChannelTabbarController.swift in Sources */ = {isa = PBXBuildFile; fileRef = A3837EC8A55E0857C0891EF2 /* MainOpenChannelTabbarController.swift */; };
		96EED00877902A648770B59B /* LiveStreamChannelViewController.swift in Sources */ = {isa = PBXBuildFile; fileRef = 81E4ADC71E7932D806E84DA7 /* LiveStreamChannelViewController.swift */; };
		9A8D758220E732AE969929D5 /* LaunchScreen.storyboard in Resources */ = {isa = PBXBuildFile; fileRef = 21E496B5D944391AA42862B4 /* LaunchScreen.storyboard */; };
		9C1A59941D2B1C7180BE67F1 /* ChannelListVC_Overriding.swift in Sources */ = {isa = PBXBuildFile; fileRef = A955962B69D2F809DEE4655F /* ChannelListVC_Overriding.swift */; };
		9D3DBE68062216DF2B1D2493 /* BasicUsagesViewController.xib in Resources */ = {isa = PBXBuildFile; fileRef = 8400C45D0E11FBE37587B089 /* BasicUsagesViewController.xib */; };
		9D89ABC8DB85D4C3F426E347 /* SendbirdUIMessageTemplate in Frameworks */ = {isa = PBXBuildFile; productRef = 1A9837068C5F36FF6F7E3E7C /* SendbirdUIMessageTemplate */; };
		9E7F67BE1D168D0FE1D423E6 /* BusinessMessagingSelectionViewController.swift in Sources */ = {isa = PBXBuildFile; fileRef = 38BA3AA66634C2E531849F9A /* BusinessMessagingSelectionViewController.swift */; };
		9EAF7E11B3B47D9E2F46EC85 /* ChannelSettingsVC_Overriding.swift in Sources */ = {isa = PBXBuildFile; fileRef = E332E035DA3DA5F7E9D98CBA /* ChannelSettingsVC_Overriding.swift */; };
		A0875C861E06C0E0796252CE /* UIcolor+Ext.swift in Sources */ = {isa = PBXBuildFile; fileRef = C65E9DA0B945AC6F2978B9E6 /* UIcolor+Ext.swift */; };
		A37522222D21889E328B3130 /* AIChatBotSignInViewController.swift in Sources */ = {isa = PBXBuildFile; fileRef = 1D5AFCA30BC1E493AC342DB7 /* AIChatBotSignInViewController.swift */; };
		A41581E47D6F1E1336A9CF7E /* SendbirdUIKit in Frameworks */ = {isa = PBXBuildFile; productRef = 77A9A36DBD29E031538383BA /* SendbirdUIKit */; };
		A6B78F6ADA3514C55C3A04B4 /* CreateChannelCustomManager.swift in Sources */ = {isa = PBXBuildFile; fileRef = C7368083040846A8BFD1A786 /* CreateChannelCustomManager.swift */; };
		A819CA3ED9DF12723954D907 /* PaddedLabel.swift in Sources */ = {isa = PBXBuildFile; fileRef = 60919A8A488385F6A325B787 /* PaddedLabel.swift */; };
		AB9441B3BB4B841F9584306C /* ChannelListCustomManager.swift in Sources */ = {isa = PBXBuildFile; fileRef = 899E2ADDC3C3A19F2D429597 /* ChannelListCustomManager.swift */; };
		ADC057E42C2ECAFCD505AB0E /* ChannelCustomManager.swift in Sources */ = {isa = PBXBuildFile; fileRef = CD023CFDA0DA56D59A5FA7BB /* ChannelCustomManager.swift */; };
		AF093374CFB9B00CA1A02924 /* LiveStreamData.swift in Sources */ = {isa = PBXBuildFile; fileRef = 582D12D87359656FC98A34F3 /* LiveStreamData.swift */; };
		AF529FD7A016441500B37840 /* InviteUserVC_Cell.swift in Sources */ = {isa = PBXBuildFile; fileRef = 0291D6576C77D3732DADEB87 /* InviteUserVC_Cell.swift */; };
		B0948DD87CE109E2A2776EBC /* MemberListCustomManager.swift in Sources */ = {isa = PBXBuildFile; fileRef = F781C196C840F15272F5D1C0 /* MemberListCustomManager.swift */; };
		B5856123F9358E8F052C9322 /* ChannelSettingsCustomManager.swift in Sources */ = {isa = PBXBuildFile; fileRef = F03CD5B640800DF99AAADDCA /* ChannelSettingsCustomManager.swift */; };
		BA6D6556E19151D810E62156 /* UserInfoTitleView.swift in Sources */ = {isa = PBXBuildFile; fileRef = 05AB9C8FA610D90A6D958CFD /* UserInfoTitleView.swift */; };
		C0DBEBBE584043ECCE952B5D /* MemberListVC_Cell.swift in Sources */ = {isa = PBXBuildFile; fileRef = A3E3D00E36AC37C744C172B2 /* MemberListVC_Cell.swift */; };
		C12184EC9A09DE75AC01149E /* MainItemView.xib in Resources */ = {isa = PBXBuildFile; fileRef = 2E7ECD1F679713F15B2F03D1 /* MainItemView.xib */; };
		C2FA7EA8A90E4335111397F1 /* FeedChannelListViewController.xib in Resources */ = {isa = PBXBuildFile; fileRef = 5098BF78CC647E5AE68278DE /* FeedChannelListViewController.xib */; };
		C3211BC60F6672EA1631AB9B /* ConnectView.swift in Sources */ = {isa = PBXBuildFile; fileRef = 6CCAD14B5BF6413599AE53CF /* ConnectView.swift */; };
		C3B3DE4A638192CB81C941B0 /* MainView.swift in Sources */ = {isa = PBXBuildFile; fileRef = BB4867F84990B821D04F2722 /* MainView.swift */; };
		C4D54A5258E7079D6753007E /* OpenChannelVC_CustomMessageMenuItem.swift in Sources */ = {isa = PBXBuildFile; fileRef = 59B61AEE060EFB0FC571830C /* OpenChannelVC_CustomMessageMenuItem.swift */; };
		C71C5C4827FAD824A0419100 /* SampleManager.swift in Sources */ = {isa = PBXBuildFile; fileRef = 83CEC3753C538D5BF2CA66F0 /* SampleManager.swift */; };
		C86FD710C4DFC6F5FB48FA40 /* MainChannelTabbarController.swift in Sources */ = {isa = PBXBuildFile; fileRef = A70A4957E68614935FB923A6 /* MainChannelTabbarController.swift */; };
		C96C938EB6943338326CEEAA /* AIChatBotSignInViewController.xib in Resources */ = {isa = PBXBuildFile; fileRef = FBCECAC20501BC1FA624C11C /* AIChatBotSignInViewController.xib */; };
		CBA903BC5423000FF3A2B6A5 /* ChannelVC_MessageParam.swift in Sources */ = {isa = PBXBuildFile; fileRef = 39ED93546A3FDE91D6A3EF6F /* ChannelVC_MessageParam.swift */; };
		CE51D59D26E86F498F9916FB /* LiveStreamChannelModule.Media.swift in Sources */ = {isa = PBXBuildFile; fileRef = 013FD19BEF7E546880B3286C /* LiveStreamChannelModule.Media.swift */; };
		CF94275B179357EF4B2CF348 /* ConnectView.xib in Resources */ = {isa = PBXBuildFile; fileRef = CC5C18901EE173180BB25C9F /* ConnectView.xib */; };
		D1FD5E496C2C7607B3C2FEE2 /* BusinessMessagingSelectionViewController.xib in Resources */ = {isa = PBXBuildFile; fileRef = 890D8BFBF250A19F94A79665 /* BusinessMessagingSelectionViewController.xib */; };
		D2A80C3F651E93B5D173C338 /* ChannelVC_CustomHeader.swift in Sources */ = {isa = PBXBuildFile; fileRef = 0770E8EB0F632224D407C07B /* ChannelVC_CustomHeader.swift */; };
		D51015E5093D390F10F99090 /* ChannelListVC_CustomHeader.swift in Sources */ = {isa = PBXBuildFile; fileRef = 3150FF4F1B532DC0159B7F2A /* ChannelListVC_CustomHeader.swift */; };
		D79010994001DE62C627DEEE /* MainItemView.swift in Sources */ = {isa = PBXBuildFile; fileRef = 9E4D36D999020A4FE9FD5455 /* MainItemView.swift */; };
		D7FC5E8CAC1A3378C752DCC0 /* Models.swift in Sources */ = {isa = PBXBuildFile; fileRef = D8BA68D9366EDD742F958A66 /* Models.swift */; };
		D83808A83CE2874BBB6B83D5 /* CreateChannelVC_Cell.swift in Sources */ = {isa = PBXBuildFile; fileRef = 46527008E40B16B24514AD1E /* CreateChannelVC_Cell.swift */; };
		DA4F87A993EC7A67423B671D /* NibCustomView.swift in Sources */ = {isa = PBXBuildFile; fileRef = DF385EBE406D7A33EBF3AD17 /* NibCustomView.swift */; };
		DA984E2F647685ACDFD6BFBA /* BusinessMessagingSignInViewController.swift in Sources */ = {isa = PBXBuildFile; fileRef = 755E7158A0056D52413EB3C7 /* BusinessMessagingSignInViewController.swift */; };
		DC978CEEA0A082334F8F4450 /* OpenChannel+Ext.swift in Sources */ = {isa = PBXBuildFile; fileRef = A695D74204D2C1ADDF0BBBE2 /* OpenChannel+Ext.swift */; };
		DD917A5F4C1B28BD3CB0EEA4 /* ChannelListViewController.swift in Sources */ = {isa = PBXBuildFile; fileRef = FA431857E8160340E7E545C3 /* ChannelListViewController.swift */; };
		E022C39DAE8F104CB09DD281 /* UserDefaults+Ext.swift in Sources */ = {isa = PBXBuildFile; fileRef = 9E08B9CB2AE173E9D2132006 /* UserDefaults+Ext.swift */; };
		E3DEB020FBD0494C0EABC3FC /* NotificationService.appex in Embed Foundation Extensions */ = {isa = PBXBuildFile; fileRef = 26F15FDAB2EA2301931B3EB6 /* NotificationService.appex */; settings = {ATTRIBUTES = (RemoveHeadersOnCopy, ); }; };
		E76209DE1873B4FB76B34983 /* ChannelVC_Overriding.swift in Sources */ = {isa = PBXBuildFile; fileRef = 2F7C1654C625423EEF5E5B64 /* ChannelVC_Overriding.swift */; };
		E9134545B3A6C96D0326C579 /* UserNotifications.framework in Frameworks */ = {isa = PBXBuildFile; fileRef = B18CA8B590809EF2D58F4937 /* UserNotifications.framework */; };
		E9A6F5F903149A4E37B67B55 /* CustomUserMessageCell.swift in Sources */ = {isa = PBXBuildFile; fileRef = 8691CE7F26F056317F1508C3 /* CustomUserMessageCell.swift */; };
		E9F0ECD97B4DBDD716601297 /* AIChatBotViewController.swift in Sources */ = {isa = PBXBuildFile; fileRef = F30F5208F4A18ACABFB2FF34 /* AIChatBotViewController.swift */; };
		EA65CC9A04FD4D786ACC0F50 /* Main.storyboard in Resources */ = {isa = PBXBuildFile; fileRef = AC0AEFF3AC3329E041214FB1 /* Main.storyboard */; };
		EAB9B1A42F4598FC8A9141CC /* UIView+Ext.swift in Sources */ = {isa = PBXBuildFile; fileRef = 22A5B795818DCC12A7EFFCC0 /* UIView+Ext.swift */; };
		EF0F09779E7E0C4AD632A3A1 /* NotificationChannelViewController.swift in Sources */ = {isa = PBXBuildFile; fileRef = E19F12713F807D512874CB50 /* NotificationChannelViewController.swift */; };
		F12B9953650B568F512C893B /* CreateChannelVC_UserList.swift in Sources */ = {isa = PBXBuildFile; fileRef = B11815F7B056DAADAE9AA1DB /* CreateChannelVC_UserList.swift */; };
		F17AAF5981B6824CAC23C3A5 /* LiveStreamChannelListModule.List.swift in Sources */ = {isa = PBXBuildFile; fileRef = E9C66209DE00D0888E84696B /* LiveStreamChannelListModule.List.swift */; };
		F6F67C6A3DF5B43452164B1B /* OpenChannelCustomManager.swift in Sources */ = {isa = PBXBuildFile; fileRef = F0F6E578BF4A8F50AC7929B4 /* OpenChannelCustomManager.swift */; };
		F7F4EF519DF5193542B02CF0 /* InviteUserVC_UserList.swift in Sources */ = {isa = PBXBuildFile; fileRef = 578AE09A01FF4CD8682FAD86 /* InviteUserVC_UserList.swift */; };
		FEAC5DEA171AF4901728DD80 /* BasicUsagesViewController.swift in Sources */ = {isa = PBXBuildFile; fileRef = 651464849625AF16BC16BFD3 /* BasicUsagesViewController.swift */; };
/* End PBXBuildFile section */

/* Begin PBXContainerItemProxy section */
		3C4F5B393AE070B127E8B2A2 /* PBXContainerItemProxy */ = {
			isa = PBXContainerItemProxy;
			containerPortal = 7F2D84C08194A453C686D4F4 /* Project object */;
			proxyType = 1;
			remoteGlobalIDString = B681577BB72BB55817BE43E6;
			remoteInfo = NotificationService;
		};
/* End PBXContainerItemProxy section */

/* Begin PBXCopyFilesBuildPhase section */
		A062465BB337E9CA816DFB89 /* Embed Foundation Extensions */ = {
			isa = PBXCopyFilesBuildPhase;
			buildActionMask = 2147483647;
			dstPath = "";
			dstSubfolderSpec = 13;
			files = (
				E3DEB020FBD0494C0EABC3FC /* NotificationService.appex in Embed Foundation Extensions */,
			);
			name = "Embed Foundation Extensions";
			runOnlyForDeploymentPostprocessing = 0;
		};
/* End PBXCopyFilesBuildPhase section */

/* Begin PBXFileReference section */
		013FD19BEF7E546880B3286C /* LiveStreamChannelModule.Media.swift */ = {isa = PBXFileReference; lastKnownFileType = sourcecode.swift; path = LiveStreamChannelModule.Media.swift; sourceTree = "<group>"; };
		0291D6576C77D3732DADEB87 /* InviteUserVC_Cell.swift */ = {isa = PBXFileReference; lastKnownFileType = sourcecode.swift; path = InviteUserVC_Cell.swift; sourceTree = "<group>"; };
		05AB9C8FA610D90A6D958CFD /* UserInfoTitleView.swift */ = {isa = PBXFileReference; lastKnownFileType = sourcecode.swift; path = UserInfoTitleView.swift; sourceTree = "<group>"; };
		0770E8EB0F632224D407C07B /* ChannelVC_CustomHeader.swift */ = {isa = PBXFileReference; lastKnownFileType = sourcecode.swift; path = ChannelVC_CustomHeader.swift; sourceTree = "<group>"; };
		07F01935FF9C6D0A891C857A /* Info.plist */ = {isa = PBXFileReference; lastKnownFileType = text.plist; path = Info.plist; sourceTree = "<group>"; };
		126A54F8F111E828995FD06C /* MySettingsCell.swift */ = {isa = PBXFileReference; lastKnownFileType = sourcecode.swift; path = MySettingsCell.swift; sourceTree = "<group>"; };
		130D7FD868022B51CE1EC067 /* ChannelVC_CustomMessageMenuItem.swift */ = {isa = PBXFileReference; lastKnownFileType = sourcecode.swift; path = ChannelVC_CustomMessageMenuItem.swift; sourceTree = "<group>"; };
		1D5AFCA30BC1E493AC342DB7 /* AIChatBotSignInViewController.swift */ = {isa = PBXFileReference; lastKnownFileType = sourcecode.swift; path = AIChatBotSignInViewController.swift; sourceTree = "<group>"; };
		22A5B795818DCC12A7EFFCC0 /* UIView+Ext.swift */ = {isa = PBXFileReference; lastKnownFileType = sourcecode.swift; path = "UIView+Ext.swift"; sourceTree = "<group>"; };
		254D891AE9CDFE3A829B3DC7 /* FeedChannelListViewController.swift */ = {isa = PBXFileReference; lastKnownFileType = sourcecode.swift; path = FeedChannelListViewController.swift; sourceTree = "<group>"; };
		26F15FDAB2EA2301931B3EB6 /* NotificationService.appex */ = {isa = PBXFileReference; includeInIndex = 0; lastKnownFileType = "wrapper.app-extension"; path = NotificationService.appex; sourceTree = BUILT_PRODUCTS_DIR; };
		2A8770EE3BC2BF785C82D31C /* BaseCustomManager.swift */ = {isa = PBXFileReference; lastKnownFileType = sourcecode.swift; path = BaseCustomManager.swift; sourceTree = "<group>"; };
		2DE6549CE553EFCA6E649E6F /* CustomEmptyView.swift */ = {isa = PBXFileReference; lastKnownFileType = sourcecode.swift; path = CustomEmptyView.swift; sourceTree = "<group>"; };
		2E7ECD1F679713F15B2F03D1 /* MainItemView.xib */ = {isa = PBXFileReference; lastKnownFileType = file.xib; path = MainItemView.xib; sourceTree = "<group>"; };
		2F3F02F0620C9666AB8EFA7D /* CustomWebView_ChatBotWidgetController.swift */ = {isa = PBXFileReference; lastKnownFileType = sourcecode.swift; path = CustomWebView_ChatBotWidgetController.swift; sourceTree = "<group>"; };
		2F7C1654C625423EEF5E5B64 /* ChannelVC_Overriding.swift */ = {isa = PBXFileReference; lastKnownFileType = sourcecode.swift; path = ChannelVC_Overriding.swift; sourceTree = "<group>"; };
		2FF0C3A9D41F9CA7E230D440 /* MessageTranslationMessageCell.swift */ = {isa = PBXFileReference; lastKnownFileType = sourcecode.swift; path = MessageTranslationMessageCell.swift; sourceTree = "<group>"; };
		306450A7F711E55CAAF1B6A6 /* NotificationService.entitlements */ = {isa = PBXFileReference; lastKnownFileType = text.plist.entitlements; path = NotificationService.entitlements; sourceTree = "<group>"; };
		3150FF4F1B532DC0159B7F2A /* ChannelListVC_CustomHeader.swift */ = {isa = PBXFileReference; lastKnownFileType = sourcecode.swift; path = ChannelListVC_CustomHeader.swift; sourceTree = "<group>"; };
		38115CD65C402F937815BDA2 /* CreateCommunityChannelViewController.swift */ = {isa = PBXFileReference; lastKnownFileType = sourcecode.swift; path = CreateCommunityChannelViewController.swift; sourceTree = "<group>"; };
		38BA3AA66634C2E531849F9A /* BusinessMessagingSelectionViewController.swift */ = {isa = PBXFileReference; lastKnownFileType = sourcecode.swift; path = BusinessMessagingSelectionViewController.swift; sourceTree = "<group>"; };
		3900205508594F1BE53CC509 /* FeedChannelListViewCell.xib */ = {isa = PBXFileReference; lastKnownFileType = file.xib; path = FeedChannelListViewCell.xib; sourceTree = "<group>"; };
		39CEC371C1FBADB87EA861F0 /* PaddingLabel.swift */ = {isa = PBXFileReference; lastKnownFileType = sourcecode.swift; path = PaddingLabel.swift; sourceTree = "<group>"; };
		39ED93546A3FDE91D6A3EF6F /* ChannelVC_MessageParam.swift */ = {isa = PBXFileReference; lastKnownFileType = sourcecode.swift; path = ChannelVC_MessageParam.swift; sourceTree = "<group>"; };
		3C6D0B11292492D7AFB3AF13 /* Base */ = {isa = PBXFileReference; lastKnownFileType = file.storyboard; name = Base; path = Base.lproj/Main.storyboard; sourceTree = "<group>"; };
		4099E93E16C27E5CEB12785B /* CustomChannelListModule.swift */ = {isa = PBXFileReference; lastKnownFileType = sourcecode.swift; path = CustomChannelListModule.swift; sourceTree = "<group>"; };
		46527008E40B16B24514AD1E /* CreateChannelVC_Cell.swift */ = {isa = PBXFileReference; lastKnownFileType = sourcecode.swift; path = CreateChannelVC_Cell.swift; sourceTree = "<group>"; };
		47D94B4A0B6065B7390DCC40 /* QuickStart.app */ = {isa = PBXFileReference; includeInIndex = 0; lastKnownFileType = wrapper.application; path = QuickStart.app; sourceTree = BUILT_PRODUCTS_DIR; };
		49BBC7DDD507E9E01F953ABC /* Assets.xcassets */ = {isa = PBXFileReference; lastKnownFileType = folder.assetcatalog; path = Assets.xcassets; sourceTree = "<group>"; };
		5098BF78CC647E5AE68278DE /* FeedChannelListViewController.xib */ = {isa = PBXFileReference; lastKnownFileType = file.xib; path = FeedChannelListViewController.xib; sourceTree = "<group>"; };
		54738A17EFAA5A55C27FCBA3 /* QuickStart.entitlements */ = {isa = PBXFileReference; lastKnownFileType = text.plist.entitlements; path = QuickStart.entitlements; sourceTree = "<group>"; };
		5526A6E24F389AC90F29DF8B /* MainView.xib */ = {isa = PBXFileReference; lastKnownFileType = file.xib; path = MainView.xib; sourceTree = "<group>"; };
		56585FF472897189202B81E3 /* InviteUserCustomManager.swift */ = {isa = PBXFileReference; lastKnownFileType = sourcecode.swift; path = InviteUserCustomManager.swift; sourceTree = "<group>"; };
		578AE09A01FF4CD8682FAD86 /* InviteUserVC_UserList.swift */ = {isa = PBXFileReference; lastKnownFileType = sourcecode.swift; path = InviteUserVC_UserList.swift; sourceTree = "<group>"; };
		582D12D87359656FC98A34F3 /* LiveStreamData.swift */ = {isa = PBXFileReference; lastKnownFileType = sourcecode.swift; path = LiveStreamData.swift; sourceTree = "<group>"; };
		59B61AEE060EFB0FC571830C /* OpenChannelVC_CustomMessageMenuItem.swift */ = {isa = PBXFileReference; lastKnownFileType = sourcecode.swift; path = OpenChannelVC_CustomMessageMenuItem.swift; sourceTree = "<group>"; };
		59E9C3F514B55549435BAE9D /* AdditionalFeaturesManager.swift */ = {isa = PBXFileReference; lastKnownFileType = sourcecode.swift; path = AdditionalFeaturesManager.swift; sourceTree = "<group>"; };
		60919A8A488385F6A325B787 /* PaddedLabel.swift */ = {isa = PBXFileReference; lastKnownFileType = sourcecode.swift; path = PaddedLabel.swift; sourceTree = "<group>"; };
		651464849625AF16BC16BFD3 /* BasicUsagesViewController.swift */ = {isa = PBXFileReference; lastKnownFileType = sourcecode.swift; path = BasicUsagesViewController.swift; sourceTree = "<group>"; };
		6AA91801860324BF877C2336 /* AppDelegate.swift */ = {isa = PBXFileReference; lastKnownFileType = sourcecode.swift; path = AppDelegate.swift; sourceTree = "<group>"; };
		6CCAD14B5BF6413599AE53CF /* ConnectView.swift */ = {isa = PBXFileReference; lastKnownFileType = sourcecode.swift; path = ConnectView.swift; sourceTree = "<group>"; };
		6D7ED4A7D6E59E73E28846C0 /* UILabel+Ext.swift */ = {isa = PBXFileReference; lastKnownFileType = sourcecode.swift; path = "UILabel+Ext.swift"; sourceTree = "<group>"; };
		715A32E5B024249C175D3A73 /* MemberListVC_Overriding.swift */ = {isa = PBXFileReference; lastKnownFileType = sourcecode.swift; path = MemberListVC_Overriding.swift; sourceTree = "<group>"; };
		748F2518BAA37399D41DD3CC /* BusinessMessagingTabBarController.swift */ = {isa = PBXFileReference; lastKnownFileType = sourcecode.swift; path = BusinessMessagingTabBarController.swift; sourceTree = "<group>"; };
		755E7158A0056D52413EB3C7 /* BusinessMessagingSignInViewController.swift */ = {isa = PBXFileReference; lastKnownFileType = sourcecode.swift; path = BusinessMessagingSignInViewController.swift; sourceTree = "<group>"; };
		7EB6FAC1C2EC8D79D3474335 /* FeedChannelListViewCell.swift */ = {isa = PBXFileReference; lastKnownFileType = sourcecode.swift; path = FeedChannelListViewCell.swift; sourceTree = "<group>"; };
		7F6412A0B94483A3C585B666 /* BusinessMessagingSignInViewController.xib */ = {isa = PBXFileReference; lastKnownFileType = file.xib; path = BusinessMessagingSignInViewController.xib; sourceTree = "<group>"; };
		81E4ADC71E7932D806E84DA7 /* LiveStreamChannelViewController.swift */ = {isa = PBXFileReference; lastKnownFileType = sourcecode.swift; path = LiveStreamChannelViewController.swift; sourceTree = "<group>"; };
		83CEC3753C538D5BF2CA66F0 /* SampleManager.swift */ = {isa = PBXFileReference; lastKnownFileType = sourcecode.swift; path = SampleManager.swift; sourceTree = "<group>"; };
		8400C45D0E11FBE37587B089 /* BasicUsagesViewController.xib */ = {isa = PBXFileReference; lastKnownFileType = file.xib; path = BasicUsagesViewController.xib; sourceTree = "<group>"; };
		8691CE7F26F056317F1508C3 /* CustomUserMessageCell.swift */ = {isa = PBXFileReference; lastKnownFileType = sourcecode.swift; path = CustomUserMessageCell.swift; sourceTree = "<group>"; };
		890D8BFBF250A19F94A79665 /* BusinessMessagingSelectionViewController.xib */ = {isa = PBXFileReference; lastKnownFileType = file.xib; path = BusinessMessagingSelectionViewController.xib; sourceTree = "<group>"; };
		897288F81F1F785225072583 /* LiveStreamChannelListViewModel.swift */ = {isa = PBXFileReference; lastKnownFileType = sourcecode.swift; path = LiveStreamChannelListViewModel.swift; sourceTree = "<group>"; };
		899E2ADDC3C3A19F2D429597 /* ChannelListCustomManager.swift */ = {isa = PBXFileReference; lastKnownFileType = sourcecode.swift; path = ChannelListCustomManager.swift; sourceTree = "<group>"; };
		8CE46B6A8BC32C4E80DD8CA4 /* Base */ = {isa = PBXFileReference; lastKnownFileType = file.storyboard; name = Base; path = Base.lproj/LaunchScreen.storyboard; sourceTree = "<group>"; };
		8F3E74E3C6D05FAC47D2B7FE /* BasicUsagesView.swift */ = {isa = PBXFileReference; lastKnownFileType = sourcecode.swift; path = BasicUsagesView.swift; sourceTree = "<group>"; };
		9025529DFA82D4C194EB5391 /* ViewController.swift */ = {isa = PBXFileReference; lastKnownFileType = sourcecode.swift; path = ViewController.swift; sourceTree = "<group>"; };
		932048A2DF2D18C5E7B0241C /* CustomSampleEnums.swift */ = {isa = PBXFileReference; lastKnownFileType = sourcecode.swift; path = CustomSampleEnums.swift; sourceTree = "<group>"; };
		9663C9727C1B5E234A8A18C5 /* MySettingsViewController.swift */ = {isa = PBXFileReference; lastKnownFileType = sourcecode.swift; path = MySettingsViewController.swift; sourceTree = "<group>"; };
		96AF77F22C3689DA980F0EFF /* CustomUserCell.swift */ = {isa = PBXFileReference; lastKnownFileType = sourcecode.swift; path = CustomUserCell.swift; sourceTree = "<group>"; };
		96B138E411365EF1895EFC0A /* CustomAlertController.swift */ = {isa = PBXFileReference; lastKnownFileType = sourcecode.swift; path = CustomAlertController.swift; sourceTree = "<group>"; };
		9D71A9CFA36C34EF4264A465 /* ChannelVC_CustomList.swift */ = {isa = PBXFileReference; lastKnownFileType = sourcecode.swift; path = ChannelVC_CustomList.swift; sourceTree = "<group>"; };
		9E08B9CB2AE173E9D2132006 /* UserDefaults+Ext.swift */ = {isa = PBXFileReference; lastKnownFileType = sourcecode.swift; path = "UserDefaults+Ext.swift"; sourceTree = "<group>"; };
		9E4D36D999020A4FE9FD5455 /* MainItemView.swift */ = {isa = PBXFileReference; lastKnownFileType = sourcecode.swift; path = MainItemView.swift; sourceTree = "<group>"; };
		A2B6689974C44EA060F592DE /* NotificationService.swift */ = {isa = PBXFileReference; lastKnownFileType = sourcecode.swift; path = NotificationService.swift; sourceTree = "<group>"; };
		A3837EC8A55E0857C0891EF2 /* MainOpenChannelTabbarController.swift */ = {isa = PBXFileReference; lastKnownFileType = sourcecode.swift; path = MainOpenChannelTabbarController.swift; sourceTree = "<group>"; };
		A3E3D00E36AC37C744C172B2 /* MemberListVC_Cell.swift */ = {isa = PBXFileReference; lastKnownFileType = sourcecode.swift; path = MemberListVC_Cell.swift; sourceTree = "<group>"; };
		A43EA4B59C42F807C76F7B74 /* ChannelVC_AdditionalFeatures.swift */ = {isa = PBXFileReference; lastKnownFileType = sourcecode.swift; path = ChannelVC_AdditionalFeatures.swift; sourceTree = "<group>"; };
		A695D74204D2C1ADDF0BBBE2 /* OpenChannel+Ext.swift */ = {isa = PBXFileReference; lastKnownFileType = sourcecode.swift; path = "OpenChannel+Ext.swift"; sourceTree = "<group>"; };
		A70A4957E68614935FB923A6 /* MainChannelTabbarController.swift */ = {isa = PBXFileReference; lastKnownFileType = sourcecode.swift; path = MainChannelTabbarController.swift; sourceTree = "<group>"; };
		A81DF637316DF97C04D7CECB /* ConnectBusinessMessagingView.swift */ = {isa = PBXFileReference; lastKnownFileType = sourcecode.swift; path = ConnectBusinessMessagingView.swift; sourceTree = "<group>"; };
		A8338080AC9AE1F8F89DFF05 /* CommunityChannelListViewController.swift */ = {isa = PBXFileReference; lastKnownFileType = sourcecode.swift; path = CommunityChannelListViewController.swift; sourceTree = "<group>"; };
		A8BCEC00EED3979EA4524D08 /* GeneralSignInViewController.xib */ = {isa = PBXFileReference; lastKnownFileType = file.xib; path = GeneralSignInViewController.xib; sourceTree = "<group>"; };
		A955962B69D2F809DEE4655F /* ChannelListVC_Overriding.swift */ = {isa = PBXFileReference; lastKnownFileType = sourcecode.swift; path = ChannelListVC_Overriding.swift; sourceTree = "<group>"; };
		AA8781BA2734284427927163 /* CustomNewMessageInfo.swift */ = {isa = PBXFileReference; lastKnownFileType = sourcecode.swift; path = CustomNewMessageInfo.swift; sourceTree = "<group>"; };
		B11815F7B056DAADAE9AA1DB /* CreateChannelVC_UserList.swift */ = {isa = PBXFileReference; lastKnownFileType = sourcecode.swift; path = CreateChannelVC_UserList.swift; sourceTree = "<group>"; };
		B18CA8B590809EF2D58F4937 /* UserNotifications.framework */ = {isa = PBXFileReference; lastKnownFileType = wrapper.framework; name = UserNotifications.framework; path = System/Library/Frameworks/UserNotifications.framework; sourceTree = SDKROOT; };
		B7336ED3EEE080DDF052F158 /* LiveStreamChannelCell.swift */ = {isa = PBXFileReference; lastKnownFileType = sourcecode.swift; path = LiveStreamChannelCell.swift; sourceTree = "<group>"; };
		B943C8F50DD6CA3985E33CF6 /* GeneralSignInViewController.swift */ = {isa = PBXFileReference; lastKnownFileType = sourcecode.swift; path = GeneralSignInViewController.swift; sourceTree = "<group>"; };
		BB4867F84990B821D04F2722 /* MainView.swift */ = {isa = PBXFileReference; lastKnownFileType = sourcecode.swift; path = MainView.swift; sourceTree = "<group>"; };
		C65E9DA0B945AC6F2978B9E6 /* UIcolor+Ext.swift */ = {isa = PBXFileReference; lastKnownFileType = sourcecode.swift; path = "UIcolor+Ext.swift"; sourceTree = "<group>"; };
		C7368083040846A8BFD1A786 /* CreateChannelCustomManager.swift */ = {isa = PBXFileReference; lastKnownFileType = sourcecode.swift; path = CreateChannelCustomManager.swift; sourceTree = "<group>"; };
		CC5C18901EE173180BB25C9F /* ConnectView.xib */ = {isa = PBXFileReference; lastKnownFileType = file.xib; path = ConnectView.xib; sourceTree = "<group>"; };
		CD023CFDA0DA56D59A5FA7BB /* ChannelCustomManager.swift */ = {isa = PBXFileReference; lastKnownFileType = sourcecode.swift; path = ChannelCustomManager.swift; sourceTree = "<group>"; };
		CE3094ABD7D9756A038A5AB4 /* LiveStreamChannelListViewController.swift */ = {isa = PBXFileReference; lastKnownFileType = sourcecode.swift; path = LiveStreamChannelListViewController.swift; sourceTree = "<group>"; };
		D22C301C4940E6DCA7C64C8D /* BasicUsagesView.xib */ = {isa = PBXFileReference; lastKnownFileType = file.xib; path = BasicUsagesView.xib; sourceTree = "<group>"; };
		D2F911922A1B0E98CBD9500A /* MetadataViewController.swift */ = {isa = PBXFileReference; lastKnownFileType = sourcecode.swift; path = MetadataViewController.swift; sourceTree = "<group>"; };
		D387FF3E314AF4F7AFA265F3 /* AIChatBotViewController.xib */ = {isa = PBXFileReference; lastKnownFileType = file.xib; path = AIChatBotViewController.xib; sourceTree = "<group>"; };
		D41DC19666A44BCF0D3C6F9E /* CustomBaseViewController.swift */ = {isa = PBXFileReference; lastKnownFileType = sourcecode.swift; path = CustomBaseViewController.swift; sourceTree = "<group>"; };
		D52175BB76AF7926133CF704 /* GlobalSetCustomManager.swift */ = {isa = PBXFileReference; lastKnownFileType = sourcecode.swift; path = GlobalSetCustomManager.swift; sourceTree = "<group>"; };
		D8BA68D9366EDD742F958A66 /* Models.swift */ = {isa = PBXFileReference; lastKnownFileType = sourcecode.swift; path = Models.swift; sourceTree = "<group>"; };
		DF385EBE406D7A33EBF3AD17 /* NibCustomView.swift */ = {isa = PBXFileReference; lastKnownFileType = sourcecode.swift; path = NibCustomView.swift; sourceTree = "<group>"; };
		E00D6DB472E2D89F05B58CFD /* ConnectBusinessMessagingView.xib */ = {isa = PBXFileReference; lastKnownFileType = file.xib; path = ConnectBusinessMessagingView.xib; sourceTree = "<group>"; };
		E19F12713F807D512874CB50 /* NotificationChannelViewController.swift */ = {isa = PBXFileReference; lastKnownFileType = sourcecode.swift; path = NotificationChannelViewController.swift; sourceTree = "<group>"; };
		E27F72A0D096280795BF7D61 /* MyOpenChannelSettingsViewController.swift */ = {isa = PBXFileReference; lastKnownFileType = sourcecode.swift; path = MyOpenChannelSettingsViewController.swift; sourceTree = "<group>"; };
		E2BB9D321E4FDE1E679A0373 /* CustomChannelListCell.swift */ = {isa = PBXFileReference; lastKnownFileType = sourcecode.swift; path = CustomChannelListCell.swift; sourceTree = "<group>"; };
		E332E035DA3DA5F7E9D98CBA /* ChannelSettingsVC_Overriding.swift */ = {isa = PBXFileReference; lastKnownFileType = sourcecode.swift; path = ChannelSettingsVC_Overriding.swift; sourceTree = "<group>"; };
		E9C66209DE00D0888E84696B /* LiveStreamChannelListModule.List.swift */ = {isa = PBXFileReference; lastKnownFileType = sourcecode.swift; path = LiveStreamChannelListModule.List.swift; sourceTree = "<group>"; };
		EB3DB814003F6E3D146BDC70 /* ChannelListVC_CustomList.swift */ = {isa = PBXFileReference; lastKnownFileType = sourcecode.swift; path = ChannelListVC_CustomList.swift; sourceTree = "<group>"; };
		EBB823C463947E90BA7D1148 /* GroupChannelViewModel_AdditionalFeatures.swift */ = {isa = PBXFileReference; lastKnownFileType = sourcecode.swift; path = GroupChannelViewModel_AdditionalFeatures.swift; sourceTree = "<group>"; };
		EDF0FBB0F38EFF12B4C20E59 /* ChannelVC_CustomInput.swift */ = {isa = PBXFileReference; lastKnownFileType = sourcecode.swift; path = ChannelVC_CustomInput.swift; sourceTree = "<group>"; };
		F03CD5B640800DF99AAADDCA /* ChannelSettingsCustomManager.swift */ = {isa = PBXFileReference; lastKnownFileType = sourcecode.swift; path = ChannelSettingsCustomManager.swift; sourceTree = "<group>"; };
		F0F6E578BF4A8F50AC7929B4 /* OpenChannelCustomManager.swift */ = {isa = PBXFileReference; lastKnownFileType = sourcecode.swift; path = OpenChannelCustomManager.swift; sourceTree = "<group>"; };
		F30F5208F4A18ACABFB2FF34 /* AIChatBotViewController.swift */ = {isa = PBXFileReference; lastKnownFileType = sourcecode.swift; path = AIChatBotViewController.swift; sourceTree = "<group>"; };
		F781C196C840F15272F5D1C0 /* MemberListCustomManager.swift */ = {isa = PBXFileReference; lastKnownFileType = sourcecode.swift; path = MemberListCustomManager.swift; sourceTree = "<group>"; };
		FA431857E8160340E7E545C3 /* ChannelListViewController.swift */ = {isa = PBXFileReference; lastKnownFileType = sourcecode.swift; path = ChannelListViewController.swift; sourceTree = "<group>"; };
		FBA3029EE0577CF7753B87E4 /* UIImageView+Ext.swift */ = {isa = PBXFileReference; lastKnownFileType = sourcecode.swift; path = "UIImageView+Ext.swift"; sourceTree = "<group>"; };
		FBCECAC20501BC1FA624C11C /* AIChatBotSignInViewController.xib */ = {isa = PBXFileReference; lastKnownFileType = file.xib; path = AIChatBotSignInViewController.xib; sourceTree = "<group>"; };
/* End PBXFileReference section */

/* Begin PBXFrameworksBuildPhase section */
		C3FCACD28911CB9FA630BDE1 /* Frameworks */ = {
			isa = PBXFrameworksBuildPhase;
			buildActionMask = 2147483647;
			files = (
				05EF3B883F179441278AD591 /* SendbirdChatSDK in Frameworks */,
				A41581E47D6F1E1336A9CF7E /* SendbirdUIKit in Frameworks */,
				9D89ABC8DB85D4C3F426E347 /* SendbirdUIMessageTemplate in Frameworks */,
				E9134545B3A6C96D0326C579 /* UserNotifications.framework in Frameworks */,
			);
			runOnlyForDeploymentPostprocessing = 0;
		};
/* End PBXFrameworksBuildPhase section */

/* Begin PBXGroup section */
		017756283A183F1F06F0DDA0 /* ChannelList */ = {
			isa = PBXGroup;
			children = (
				B7336ED3EEE080DDF052F158 /* LiveStreamChannelCell.swift */,
				E9C66209DE00D0888E84696B /* LiveStreamChannelListModule.List.swift */,
				CE3094ABD7D9756A038A5AB4 /* LiveStreamChannelListViewController.swift */,
				897288F81F1F785225072583 /* LiveStreamChannelListViewModel.swift */,
			);
			path = ChannelList;
			sourceTree = "<group>";
		};
		06A0BE0BB1FB4F360900DF15 /* InviteUser */ = {
			isa = PBXGroup;
			children = (
				0291D6576C77D3732DADEB87 /* InviteUserVC_Cell.swift */,
				578AE09A01FF4CD8682FAD86 /* InviteUserVC_UserList.swift */,
			);
			path = InviteUser;
			sourceTree = "<group>";
		};
		094189D8BF37978BE68B47E2 /* Customize */ = {
			isa = PBXGroup;
			children = (
				D41DC19666A44BCF0D3C6F9E /* CustomBaseViewController.swift */,
				39CEC371C1FBADB87EA861F0 /* PaddingLabel.swift */,
				91261FB22D42BDA2AACB1002 /* Manager */,
				512F0F2FA832B397FCF4C97F /* View */,
				112E8D882A5A6D20616A93E1 /* ViewModel */,
			);
			path = Customize;
			sourceTree = "<group>";
		};
		0C98B90C7B1C0C82787FD4D0 /* Common */ = {
			isa = PBXGroup;
			children = (
				2A8770EE3BC2BF785C82D31C /* BaseCustomManager.swift */,
				932048A2DF2D18C5E7B0241C /* CustomSampleEnums.swift */,
				83CEC3753C538D5BF2CA66F0 /* SampleManager.swift */,
			);
			path = Common;
			sourceTree = "<group>";
		};
		0D0A56561C9C73211E694DFD /* MySettings */ = {
			isa = PBXGroup;
			children = (
				E27F72A0D096280795BF7D61 /* MyOpenChannelSettingsViewController.swift */,
			);
			path = MySettings;
			sourceTree = "<group>";
		};
		112E8D882A5A6D20616A93E1 /* ViewModel */ = {
			isa = PBXGroup;
			children = (
				EBB823C463947E90BA7D1148 /* GroupChannelViewModel_AdditionalFeatures.swift */,
			);
			path = ViewModel;
			sourceTree = "<group>";
		};
		118CCD18D3AF0F8DCE8AA759 /* Model */ = {
			isa = PBXGroup;
			children = (
				D8BA68D9366EDD742F958A66 /* Models.swift */,
			);
			path = Model;
			sourceTree = "<group>";
		};
		19CB97F6D6DD773362FB0D6C /* LiveStream */ = {
			isa = PBXGroup;
			children = (
				582D12D87359656FC98A34F3 /* LiveStreamData.swift */,
				1AA584F8328026DE440DFFE3 /* Channel */,
				017756283A183F1F06F0DDA0 /* ChannelList */,
			);
			path = LiveStream;
			sourceTree = "<group>";
		};
		1AA584F8328026DE440DFFE3 /* Channel */ = {
			isa = PBXGroup;
			children = (
				013FD19BEF7E546880B3286C /* LiveStreamChannelModule.Media.swift */,
				81E4ADC71E7932D806E84DA7 /* LiveStreamChannelViewController.swift */,
			);
			path = Channel;
			sourceTree = "<group>";
		};
		1B0653278AD1D8CFF0B5B8F6 /* Products */ = {
			isa = PBXGroup;
			children = (
				26F15FDAB2EA2301931B3EB6 /* NotificationService.appex */,
				47D94B4A0B6065B7390DCC40 /* QuickStart.app */,
			);
			name = Products;
			sourceTree = "<group>";
		};
		21ED86D7782B987250EEF1B2 /* BusinessMessaging */ = {
			isa = PBXGroup;
			children = (
				38BA3AA66634C2E531849F9A /* BusinessMessagingSelectionViewController.swift */,
				890D8BFBF250A19F94A79665 /* BusinessMessagingSelectionViewController.xib */,
				755E7158A0056D52413EB3C7 /* BusinessMessagingSignInViewController.swift */,
				7F6412A0B94483A3C585B666 /* BusinessMessagingSignInViewController.xib */,
				748F2518BAA37399D41DD3CC /* BusinessMessagingTabBarController.swift */,
				254D891AE9CDFE3A829B3DC7 /* FeedChannelListViewController.swift */,
				5098BF78CC647E5AE68278DE /* FeedChannelListViewController.xib */,
				E19F12713F807D512874CB50 /* NotificationChannelViewController.swift */,
			);
			path = BusinessMessaging;
			sourceTree = "<group>";
		};
		2354F861590FE3C54C5ED30E /* Extension */ = {
			isa = PBXGroup;
			children = (
				A695D74204D2C1ADDF0BBBE2 /* OpenChannel+Ext.swift */,
				C65E9DA0B945AC6F2978B9E6 /* UIcolor+Ext.swift */,
				FBA3029EE0577CF7753B87E4 /* UIImageView+Ext.swift */,
				6D7ED4A7D6E59E73E28846C0 /* UILabel+Ext.swift */,
				22A5B795818DCC12A7EFFCC0 /* UIView+Ext.swift */,
				9E08B9CB2AE173E9D2132006 /* UserDefaults+Ext.swift */,
			);
			path = Extension;
			sourceTree = "<group>";
		};
		27095BA6B925985E96900591 /* ChannelList */ = {
			isa = PBXGroup;
			children = (
				3150FF4F1B532DC0159B7F2A /* ChannelListVC_CustomHeader.swift */,
				EB3DB814003F6E3D146BDC70 /* ChannelListVC_CustomList.swift */,
				A955962B69D2F809DEE4655F /* ChannelListVC_Overriding.swift */,
				4099E93E16C27E5CEB12785B /* CustomChannelListModule.swift */,
				4ADA3E3BDAC1D434A1700482 /* SubView */,
			);
			path = ChannelList;
			sourceTree = "<group>";
		};
		323D31029D4D8393FCB5F3D6 /* ViewControllers */ = {
			isa = PBXGroup;
			children = (
				758A754FDE39CF46B229F3C0 /* AIChatBot */,
				D5C996CC3B78CF8D6533F6DC /* BasicUsages */,
				21ED86D7782B987250EEF1B2 /* BusinessMessaging */,
			);
			path = ViewControllers;
			sourceTree = "<group>";
		};
		32416E08674EA616F09E9EAC /* Frameworks */ = {
			isa = PBXGroup;
			children = (
				B18CA8B590809EF2D58F4937 /* UserNotifications.framework */,
			);
			name = Frameworks;
			sourceTree = "<group>";
		};
		3B4D57E63A1D706C962E6659 /* Common */ = {
			isa = PBXGroup;
			children = (
				9E4D36D999020A4FE9FD5455 /* MainItemView.swift */,
				2E7ECD1F679713F15B2F03D1 /* MainItemView.xib */,
				BB4867F84990B821D04F2722 /* MainView.swift */,
				5526A6E24F389AC90F29DF8B /* MainView.xib */,
				DF385EBE406D7A33EBF3AD17 /* NibCustomView.swift */,
			);
			path = Common;
			sourceTree = "<group>";
		};
		43996DB94712B42B4F8D856B /* Common */ = {
			isa = PBXGroup;
			children = (
				96B138E411365EF1895EFC0A /* CustomAlertController.swift */,
				2DE6549CE553EFCA6E649E6F /* CustomEmptyView.swift */,
				96AF77F22C3689DA980F0EFF /* CustomUserCell.swift */,
				60919A8A488385F6A325B787 /* PaddedLabel.swift */,
			);
			path = Common;
			sourceTree = "<group>";
		};
		47D4E822E2807FDF6CEDFA71 /* GroupChannel */ = {
			isa = PBXGroup;
			children = (
				A70A4957E68614935FB923A6 /* MainChannelTabbarController.swift */,
				7727AB1A81ABADADCE8DE44A /* Channels */,
				F199D21CD425C8A8639FC8B9 /* MySettings */,
			);
			path = GroupChannel;
			sourceTree = "<group>";
		};
		4ADA3E3BDAC1D434A1700482 /* SubView */ = {
			isa = PBXGroup;
			children = (
				E2BB9D321E4FDE1E679A0373 /* CustomChannelListCell.swift */,
			);
			path = SubView;
			sourceTree = "<group>";
		};
		512F0F2FA832B397FCF4C97F /* View */ = {
			isa = PBXGroup;
			children = (
				999641C66EC0AAC6FE3C2FAD /* Channel */,
				27095BA6B925985E96900591 /* ChannelList */,
				7468652423E5450E19C0A00F /* ChannelSettings */,
				43996DB94712B42B4F8D856B /* Common */,
				D898EFF22FEDF72873F1E306 /* CreateChannel */,
				06A0BE0BB1FB4F360900DF15 /* InviteUser */,
				7A53E5FDF20587C7B444214D /* MemberList */,
				59833FEDA2EC7AE9D7251789 /* OpenChannel */,
				9761570D537237ABF97399C7 /* Others */,
			);
			path = View;
			sourceTree = "<group>";
		};
		59833FEDA2EC7AE9D7251789 /* OpenChannel */ = {
			isa = PBXGroup;
			children = (
				59B61AEE060EFB0FC571830C /* OpenChannelVC_CustomMessageMenuItem.swift */,
			);
			path = OpenChannel;
			sourceTree = "<group>";
		};
		60242231F5D8DAEFB824E8B5 /* ChannelList */ = {
			isa = PBXGroup;
			children = (
				A8338080AC9AE1F8F89DFF05 /* CommunityChannelListViewController.swift */,
			);
			path = ChannelList;
			sourceTree = "<group>";
		};
		6706FA635E64B8742A7073C9 /* MainViews */ = {
			isa = PBXGroup;
			children = (
				323D31029D4D8393FCB5F3D6 /* ViewControllers */,
				83B65538C9A6C528BB595899 /* Views */,
			);
			path = MainViews;
			sourceTree = "<group>";
		};
		67852089506478566285B82D /* NotificationService */ = {
			isa = PBXGroup;
			children = (
				07F01935FF9C6D0A891C857A /* Info.plist */,
				306450A7F711E55CAAF1B6A6 /* NotificationService.entitlements */,
				A2B6689974C44EA060F592DE /* NotificationService.swift */,
			);
			path = NotificationService;
			sourceTree = "<group>";
		};
		6F88AFB356527993F1A697BA /* Features */ = {
			isa = PBXGroup;
			children = (
				59E9C3F514B55549435BAE9D /* AdditionalFeaturesManager.swift */,
				CD023CFDA0DA56D59A5FA7BB /* ChannelCustomManager.swift */,
				899E2ADDC3C3A19F2D429597 /* ChannelListCustomManager.swift */,
				F03CD5B640800DF99AAADDCA /* ChannelSettingsCustomManager.swift */,
				C7368083040846A8BFD1A786 /* CreateChannelCustomManager.swift */,
				D52175BB76AF7926133CF704 /* GlobalSetCustomManager.swift */,
				56585FF472897189202B81E3 /* InviteUserCustomManager.swift */,
				F781C196C840F15272F5D1C0 /* MemberListCustomManager.swift */,
				2FF0C3A9D41F9CA7E230D440 /* MessageTranslationMessageCell.swift */,
				F0F6E578BF4A8F50AC7929B4 /* OpenChannelCustomManager.swift */,
			);
			path = Features;
			sourceTree = "<group>";
		};
		71DA834FD2F802CB46B90171 /* CreateChannel */ = {
			isa = PBXGroup;
			children = (
				38115CD65C402F937815BDA2 /* CreateCommunityChannelViewController.swift */,
			);
			path = CreateChannel;
			sourceTree = "<group>";
		};
		7468652423E5450E19C0A00F /* ChannelSettings */ = {
			isa = PBXGroup;
			children = (
				E332E035DA3DA5F7E9D98CBA /* ChannelSettingsVC_Overriding.swift */,
			);
			path = ChannelSettings;
			sourceTree = "<group>";
		};
		758A754FDE39CF46B229F3C0 /* AIChatBot */ = {
			isa = PBXGroup;
			children = (
				1D5AFCA30BC1E493AC342DB7 /* AIChatBotSignInViewController.swift */,
				FBCECAC20501BC1FA624C11C /* AIChatBotSignInViewController.xib */,
				F30F5208F4A18ACABFB2FF34 /* AIChatBotViewController.swift */,
				D387FF3E314AF4F7AFA265F3 /* AIChatBotViewController.xib */,
			);
			path = AIChatBot;
			sourceTree = "<group>";
		};
		7727AB1A81ABADADCE8DE44A /* Channels */ = {
			isa = PBXGroup;
			children = (
				FA431857E8160340E7E545C3 /* ChannelListViewController.swift */,
			);
			path = Channels;
			sourceTree = "<group>";
		};
		78CF1B79B64228A7F0DEAEBB /* QuickStart */ = {
			isa = PBXGroup;
			children = (
				6AA91801860324BF877C2336 /* AppDelegate.swift */,
				49BBC7DDD507E9E01F953ABC /* Assets.xcassets */,
				21E496B5D944391AA42862B4 /* LaunchScreen.storyboard */,
				AC0AEFF3AC3329E041214FB1 /* Main.storyboard */,
				54738A17EFAA5A55C27FCBA3 /* QuickStart.entitlements */,
				9025529DFA82D4C194EB5391 /* ViewController.swift */,
				9FA67BC7CF7CA16088AD7D56 /* Base */,
				094189D8BF37978BE68B47E2 /* Customize */,
				2354F861590FE3C54C5ED30E /* Extension */,
				6706FA635E64B8742A7073C9 /* MainViews */,
				118CCD18D3AF0F8DCE8AA759 /* Model */,
			);
			path = QuickStart;
			sourceTree = "<group>";
		};
		7A53E5FDF20587C7B444214D /* MemberList */ = {
			isa = PBXGroup;
			children = (
				A3E3D00E36AC37C744C172B2 /* MemberListVC_Cell.swift */,
				715A32E5B024249C175D3A73 /* MemberListVC_Overriding.swift */,
			);
			path = MemberList;
			sourceTree = "<group>";
		};
		7B7F8B8B2B7E9619FF8A22D1 /* BusinessMessaging */ = {
			isa = PBXGroup;
			children = (
				A81DF637316DF97C04D7CECB /* ConnectBusinessMessagingView.swift */,
				E00D6DB472E2D89F05B58CFD /* ConnectBusinessMessagingView.xib */,
				7EB6FAC1C2EC8D79D3474335 /* FeedChannelListViewCell.swift */,
				3900205508594F1BE53CC509 /* FeedChannelListViewCell.xib */,
			);
			path = BusinessMessaging;
			sourceTree = "<group>";
		};
		83B65538C9A6C528BB595899 /* Views */ = {
			isa = PBXGroup;
			children = (
				B8DCA2C01A9742A412DAEE66 /* BasicUsages */,
				7B7F8B8B2B7E9619FF8A22D1 /* BusinessMessaging */,
				3B4D57E63A1D706C962E6659 /* Common */,
			);
			path = Views;
			sourceTree = "<group>";
		};
		8D9F4DD795C1C923CB15CF48 = {
			isa = PBXGroup;
			children = (
				67852089506478566285B82D /* NotificationService */,
				78CF1B79B64228A7F0DEAEBB /* QuickStart */,
				32416E08674EA616F09E9EAC /* Frameworks */,
				1B0653278AD1D8CFF0B5B8F6 /* Products */,
			);
			sourceTree = "<group>";
		};
		91261FB22D42BDA2AACB1002 /* Manager */ = {
			isa = PBXGroup;
			children = (
				0C98B90C7B1C0C82787FD4D0 /* Common */,
				6F88AFB356527993F1A697BA /* Features */,
			);
			path = Manager;
			sourceTree = "<group>";
		};
		9761570D537237ABF97399C7 /* Others */ = {
			isa = PBXGroup;
			children = (
				2F3F02F0620C9666AB8EFA7D /* CustomWebView_ChatBotWidgetController.swift */,
				D2F911922A1B0E98CBD9500A /* MetadataViewController.swift */,
			);
			path = Others;
			sourceTree = "<group>";
		};
		999641C66EC0AAC6FE3C2FAD /* Channel */ = {
			isa = PBXGroup;
			children = (
				A43EA4B59C42F807C76F7B74 /* ChannelVC_AdditionalFeatures.swift */,
				0770E8EB0F632224D407C07B /* ChannelVC_CustomHeader.swift */,
				EDF0FBB0F38EFF12B4C20E59 /* ChannelVC_CustomInput.swift */,
				9D71A9CFA36C34EF4264A465 /* ChannelVC_CustomList.swift */,
				130D7FD868022B51CE1EC067 /* ChannelVC_CustomMessageMenuItem.swift */,
				39ED93546A3FDE91D6A3EF6F /* ChannelVC_MessageParam.swift */,
				2F7C1654C625423EEF5E5B64 /* ChannelVC_Overriding.swift */,
				EBFDC045CC4ECED6C2117E70 /* SubView */,
			);
			path = Channel;
			sourceTree = "<group>";
		};
		9FA67BC7CF7CA16088AD7D56 /* Base */ = {
			isa = PBXGroup;
			children = (
				47D4E822E2807FDF6CEDFA71 /* GroupChannel */,
				BE11314ACF43F336389268D6 /* OpenChannel */,
			);
			path = Base;
			sourceTree = "<group>";
		};
		B002AFCC975B187577ABBF28 /* Community */ = {
			isa = PBXGroup;
			children = (
				60242231F5D8DAEFB824E8B5 /* ChannelList */,
				71DA834FD2F802CB46B90171 /* CreateChannel */,
			);
			path = Community;
			sourceTree = "<group>";
		};
		B773427CFB2CD84EE1572BCF /* Channels */ = {
			isa = PBXGroup;
			children = (
				B002AFCC975B187577ABBF28 /* Community */,
				19CB97F6D6DD773362FB0D6C /* LiveStream */,
			);
			path = Channels;
			sourceTree = "<group>";
		};
		B8DCA2C01A9742A412DAEE66 /* BasicUsages */ = {
			isa = PBXGroup;
			children = (
				8F3E74E3C6D05FAC47D2B7FE /* BasicUsagesView.swift */,
				D22C301C4940E6DCA7C64C8D /* BasicUsagesView.xib */,
				6CCAD14B5BF6413599AE53CF /* ConnectView.swift */,
				CC5C18901EE173180BB25C9F /* ConnectView.xib */,
			);
			path = BasicUsages;
			sourceTree = "<group>";
		};
		BE11314ACF43F336389268D6 /* OpenChannel */ = {
			isa = PBXGroup;
			children = (
				A3837EC8A55E0857C0891EF2 /* MainOpenChannelTabbarController.swift */,
				B773427CFB2CD84EE1572BCF /* Channels */,
				0D0A56561C9C73211E694DFD /* MySettings */,
			);
			path = OpenChannel;
			sourceTree = "<group>";
		};
		D5C996CC3B78CF8D6533F6DC /* BasicUsages */ = {
			isa = PBXGroup;
			children = (
				651464849625AF16BC16BFD3 /* BasicUsagesViewController.swift */,
				8400C45D0E11FBE37587B089 /* BasicUsagesViewController.xib */,
				B943C8F50DD6CA3985E33CF6 /* GeneralSignInViewController.swift */,
				A8BCEC00EED3979EA4524D08 /* GeneralSignInViewController.xib */,
			);
			path = BasicUsages;
			sourceTree = "<group>";
		};
		D898EFF22FEDF72873F1E306 /* CreateChannel */ = {
			isa = PBXGroup;
			children = (
				46527008E40B16B24514AD1E /* CreateChannelVC_Cell.swift */,
				B11815F7B056DAADAE9AA1DB /* CreateChannelVC_UserList.swift */,
			);
			path = CreateChannel;
			sourceTree = "<group>";
		};
		EBFDC045CC4ECED6C2117E70 /* SubView */ = {
			isa = PBXGroup;
			children = (
				AA8781BA2734284427927163 /* CustomNewMessageInfo.swift */,
				8691CE7F26F056317F1508C3 /* CustomUserMessageCell.swift */,
			);
			path = SubView;
			sourceTree = "<group>";
		};
		F199D21CD425C8A8639FC8B9 /* MySettings */ = {
			isa = PBXGroup;
			children = (
				126A54F8F111E828995FD06C /* MySettingsCell.swift */,
				9663C9727C1B5E234A8A18C5 /* MySettingsViewController.swift */,
				05AB9C8FA610D90A6D958CFD /* UserInfoTitleView.swift */,
			);
			path = MySettings;
			sourceTree = "<group>";
		};
/* End PBXGroup section */

/* Begin PBXNativeTarget section */
		8FC66CB764B9B97C95E00B1F /* QuickStart */ = {
			isa = PBXNativeTarget;
			buildConfigurationList = E56547A5474ED0995ADC96A0 /* Build configuration list for PBXNativeTarget "QuickStart" */;
			buildPhases = (
				B45BF28486364B0447788092 /* Sources */,
				92A4DB74BDD0F6F5EA6F5B38 /* Resources */,
				C3FCACD28911CB9FA630BDE1 /* Frameworks */,
				A062465BB337E9CA816DFB89 /* Embed Foundation Extensions */,
			);
			buildRules = (
			);
			dependencies = (
				02D265E36B8943B1B54414D8 /* PBXTargetDependency */,
			);
			name = QuickStart;
			packageProductDependencies = (
				74778F0EA153D6775D8BC4F6 /* SendbirdChatSDK */,
				77A9A36DBD29E031538383BA /* SendbirdUIKit */,
				1A9837068C5F36FF6F7E3E7C /* SendbirdUIMessageTemplate */,
			);
			productName = QuickStart;
			productReference = 47D94B4A0B6065B7390DCC40 /* QuickStart.app */;
			productType = "com.apple.product-type.application";
		};
		B681577BB72BB55817BE43E6 /* NotificationService */ = {
			isa = PBXNativeTarget;
			buildConfigurationList = 67EE380F530AE0E9A227A123 /* Build configuration list for PBXNativeTarget "NotificationService" */;
			buildPhases = (
				924EB604A2BC8E9ED746F24E /* Sources */,
			);
			buildRules = (
			);
			dependencies = (
			);
			name = NotificationService;
			productName = NotificationService;
			productReference = 26F15FDAB2EA2301931B3EB6 /* NotificationService.appex */;
			productType = "com.apple.product-type.app-extension";
		};
/* End PBXNativeTarget section */

/* Begin PBXProject section */
		7F2D84C08194A453C686D4F4 /* Project object */ = {
			isa = PBXProject;
			attributes = {
				BuildIndependentTargetsInParallel = YES;
				LastSwiftUpdateCheck = 1420;
				LastUpgradeCheck = 1250;
				TargetAttributes = {
					8FC66CB764B9B97C95E00B1F = {
						DevelopmentTeam = RM4A5PXTUX;
						ProvisioningStyle = Automatic;
					};
					B681577BB72BB55817BE43E6 = {
						DevelopmentTeam = RM4A5PXTUX;
						ProvisioningStyle = Automatic;
					};
				};
			};
			buildConfigurationList = 8861DA78869735219C78A80B /* Build configuration list for PBXProject "QuickStart" */;
			compatibilityVersion = "Xcode 14.0";
			developmentRegion = en;
			hasScannedForEncodings = 0;
			knownRegions = (
				Base,
				en,
			);
			mainGroup = 8D9F4DD795C1C923CB15CF48;
			packageReferences = (
				A4CD81EE92C875D0E22463C6 /* XCRemoteSwiftPackageReference "sendbird-chat-sdk-ios" */,
				4935A9393C043AF555B43E51 /* XCRemoteSwiftPackageReference "sendbird-uikit-ios-spm" */,
			);
			projectDirPath = "";
			projectRoot = "";
			targets = (
				B681577BB72BB55817BE43E6 /* NotificationService */,
				8FC66CB764B9B97C95E00B1F /* QuickStart */,
			);
		};
/* End PBXProject section */

/* Begin PBXResourcesBuildPhase section */
		92A4DB74BDD0F6F5EA6F5B38 /* Resources */ = {
			isa = PBXResourcesBuildPhase;
			buildActionMask = 2147483647;
			files = (
				C96C938EB6943338326CEEAA /* AIChatBotSignInViewController.xib in Resources */,
				5F40B6683AE1DC1B62CDAAE5 /* AIChatBotViewController.xib in Resources */,
				58C2E06A73C39A7CFD96AEC5 /* Assets.xcassets in Resources */,
				66ADA39339C0B53AA3B3FE8A /* BasicUsagesView.xib in Resources */,
				9D3DBE68062216DF2B1D2493 /* BasicUsagesViewController.xib in Resources */,
				D1FD5E496C2C7607B3C2FEE2 /* BusinessMessagingSelectionViewController.xib in Resources */,
				3546B8997F37360ACD9B296D /* BusinessMessagingSignInViewController.xib in Resources */,
				30D6FD3C65C007D6F59D3B51 /* ConnectBusinessMessagingView.xib in Resources */,
				CF94275B179357EF4B2CF348 /* ConnectView.xib in Resources */,
				506C2D85BE783568031D0EF2 /* FeedChannelListViewCell.xib in Resources */,
				C2FA7EA8A90E4335111397F1 /* FeedChannelListViewController.xib in Resources */,
				29F21CACC3E083C248649E81 /* GeneralSignInViewController.xib in Resources */,
				9A8D758220E732AE969929D5 /* LaunchScreen.storyboard in Resources */,
				EA65CC9A04FD4D786ACC0F50 /* Main.storyboard in Resources */,
				C12184EC9A09DE75AC01149E /* MainItemView.xib in Resources */,
				952CABAB72144676A0E7E404 /* MainView.xib in Resources */,
			);
			runOnlyForDeploymentPostprocessing = 0;
		};
/* End PBXResourcesBuildPhase section */

/* Begin PBXSourcesBuildPhase section */
		924EB604A2BC8E9ED746F24E /* Sources */ = {
			isa = PBXSourcesBuildPhase;
			buildActionMask = 2147483647;
			files = (
				48B8EC5BAB2F8F2E2C97A23D /* NotificationService.swift in Sources */,
			);
			runOnlyForDeploymentPostprocessing = 0;
		};
		B45BF28486364B0447788092 /* Sources */ = {
			isa = PBXSourcesBuildPhase;
			buildActionMask = 2147483647;
			files = (
				A37522222D21889E328B3130 /* AIChatBotSignInViewController.swift in Sources */,
				E9F0ECD97B4DBDD716601297 /* AIChatBotViewController.swift in Sources */,
				5123C0FD8A89CF53F15B67CD /* AdditionalFeaturesManager.swift in Sources */,
				7C71E7DA9216F9F86D741BB4 /* AppDelegate.swift in Sources */,
				77C597431727A055167F594E /* BaseCustomManager.swift in Sources */,
				1A7DBAA217C2575918761E3E /* BasicUsagesView.swift in Sources */,
				FEAC5DEA171AF4901728DD80 /* BasicUsagesViewController.swift in Sources */,
				9E7F67BE1D168D0FE1D423E6 /* BusinessMessagingSelectionViewController.swift in Sources */,
				DA984E2F647685ACDFD6BFBA /* BusinessMessagingSignInViewController.swift in Sources */,
				22D4EA3A00FBF521FE3D1624 /* BusinessMessagingTabBarController.swift in Sources */,
				ADC057E42C2ECAFCD505AB0E /* ChannelCustomManager.swift in Sources */,
				AB9441B3BB4B841F9584306C /* ChannelListCustomManager.swift in Sources */,
				D51015E5093D390F10F99090 /* ChannelListVC_CustomHeader.swift in Sources */,
				66A93DE4905CD2DC8D2701D0 /* ChannelListVC_CustomList.swift in Sources */,
				9C1A59941D2B1C7180BE67F1 /* ChannelListVC_Overriding.swift in Sources */,
				DD917A5F4C1B28BD3CB0EEA4 /* ChannelListViewController.swift in Sources */,
				B5856123F9358E8F052C9322 /* ChannelSettingsCustomManager.swift in Sources */,
				9EAF7E11B3B47D9E2F46EC85 /* ChannelSettingsVC_Overriding.swift in Sources */,
				66C385F18479DB17BDDE1E67 /* ChannelVC_AdditionalFeatures.swift in Sources */,
				D2A80C3F651E93B5D173C338 /* ChannelVC_CustomHeader.swift in Sources */,
				925717A33FF0F3E458F1996C /* ChannelVC_CustomInput.swift in Sources */,
				4AAF1B44CF90589E66243951 /* ChannelVC_CustomList.swift in Sources */,
				926A8E489652739554C4D14B /* ChannelVC_CustomMessageMenuItem.swift in Sources */,
				CBA903BC5423000FF3A2B6A5 /* ChannelVC_MessageParam.swift in Sources */,
				E76209DE1873B4FB76B34983 /* ChannelVC_Overriding.swift in Sources */,
				1E1AF8B33F4559B343A5FB58 /* CommunityChannelListViewController.swift in Sources */,
				52D4C02380313387757C91D7 /* ConnectBusinessMessagingView.swift in Sources */,
				C3211BC60F6672EA1631AB9B /* ConnectView.swift in Sources */,
				A6B78F6ADA3514C55C3A04B4 /* CreateChannelCustomManager.swift in Sources */,
				D83808A83CE2874BBB6B83D5 /* CreateChannelVC_Cell.swift in Sources */,
				F12B9953650B568F512C893B /* CreateChannelVC_UserList.swift in Sources */,
				6FEF3676C6D77FADD7C9A257 /* CreateCommunityChannelViewController.swift in Sources */,
				5AA3DC845C501D4C88640071 /* CustomAlertController.swift in Sources */,
				5C0DC19BAC05C2F286A3B078 /* CustomBaseViewController.swift in Sources */,
				570FF873D0A7052239BF3E5A /* CustomChannelListCell.swift in Sources */,
				33C9D1883866C8184AE70AEF /* CustomChannelListModule.swift in Sources */,
				24B9B0D5DB8619080A104320 /* CustomEmptyView.swift in Sources */,
				05838D2F86701D3253BA76E8 /* CustomNewMessageInfo.swift in Sources */,
				0B2CBE893C99F196B6BBC30B /* CustomSampleEnums.swift in Sources */,
				4D6EA72ADA7759C80ADC1478 /* CustomUserCell.swift in Sources */,
				E9A6F5F903149A4E37B67B55 /* CustomUserMessageCell.swift in Sources */,
				622F668D006F8DF72A17C68C /* CustomWebView_ChatBotWidgetController.swift in Sources */,
				419552E6D0EC71D3EEA92E13 /* FeedChannelListViewCell.swift in Sources */,
				7C7E0462A6E79795564A5B29 /* FeedChannelListViewController.swift in Sources */,
				53778F6EB1FE32ECA01C5E7C /* GeneralSignInViewController.swift in Sources */,
				7E24A56F2CD8C58FD4259FE7 /* GlobalSetCustomManager.swift in Sources */,
				57E98E83B28121FB413D2F15 /* GroupChannelViewModel_AdditionalFeatures.swift in Sources */,
				4D876D744765ED547B7DCE05 /* InviteUserCustomManager.swift in Sources */,
				AF529FD7A016441500B37840 /* InviteUserVC_Cell.swift in Sources */,
				F7F4EF519DF5193542B02CF0 /* InviteUserVC_UserList.swift in Sources */,
				3C09757B8F0E2A770B427896 /* LiveStreamChannelCell.swift in Sources */,
				F17AAF5981B6824CAC23C3A5 /* LiveStreamChannelListModule.List.swift in Sources */,
				538AF7C4BC1CCB21DFE4948B /* LiveStreamChannelListViewController.swift in Sources */,
				800F7734676CE52E234F5FF6 /* LiveStreamChannelListViewModel.swift in Sources */,
				CE51D59D26E86F498F9916FB /* LiveStreamChannelModule.Media.swift in Sources */,
				96EED00877902A648770B59B /* LiveStreamChannelViewController.swift in Sources */,
				AF093374CFB9B00CA1A02924 /* LiveStreamData.swift in Sources */,
				C86FD710C4DFC6F5FB48FA40 /* MainChannelTabbarController.swift in Sources */,
				D79010994001DE62C627DEEE /* MainItemView.swift in Sources */,
				957337090E0D7D9281B8BDE1 /* MainOpenChannelTabbarController.swift in Sources */,
				C3B3DE4A638192CB81C941B0 /* MainView.swift in Sources */,
				B0948DD87CE109E2A2776EBC /* MemberListCustomManager.swift in Sources */,
				C0DBEBBE584043ECCE952B5D /* MemberListVC_Cell.swift in Sources */,
				050584E069A50774636741A4 /* MemberListVC_Overriding.swift in Sources */,
				16BD02B59AC7265751BE7F3D /* MessageTranslationMessageCell.swift in Sources */,
				87DCE33E11F0C22513EEAD18 /* MetadataViewController.swift in Sources */,
				D7FC5E8CAC1A3378C752DCC0 /* Models.swift in Sources */,
				58006CE7B8A9632219EA02D8 /* MyOpenChannelSettingsViewController.swift in Sources */,
				1CBCB3FEC9820A63CEF3F809 /* MySettingsCell.swift in Sources */,
				6DDF71BD4482F73E16BE4248 /* MySettingsViewController.swift in Sources */,
				DA4F87A993EC7A67423B671D /* NibCustomView.swift in Sources */,
				EF0F09779E7E0C4AD632A3A1 /* NotificationChannelViewController.swift in Sources */,
				DC978CEEA0A082334F8F4450 /* OpenChannel+Ext.swift in Sources */,
				F6F67C6A3DF5B43452164B1B /* OpenChannelCustomManager.swift in Sources */,
				C4D54A5258E7079D6753007E /* OpenChannelVC_CustomMessageMenuItem.swift in Sources */,
				A819CA3ED9DF12723954D907 /* PaddedLabel.swift in Sources */,
				87404C792A8BD0A1441DD8BF /* PaddingLabel.swift in Sources */,
				C71C5C4827FAD824A0419100 /* SampleManager.swift in Sources */,
				5B807D3794B90D50D08E662B /* UIImageView+Ext.swift in Sources */,
				4BD508FBC49EA9E0BE3628B1 /* UILabel+Ext.swift in Sources */,
				EAB9B1A42F4598FC8A9141CC /* UIView+Ext.swift in Sources */,
				A0875C861E06C0E0796252CE /* UIcolor+Ext.swift in Sources */,
				E022C39DAE8F104CB09DD281 /* UserDefaults+Ext.swift in Sources */,
				BA6D6556E19151D810E62156 /* UserInfoTitleView.swift in Sources */,
				18E798E65CBA3F331117FD2C /* ViewController.swift in Sources */,
			);
			runOnlyForDeploymentPostprocessing = 0;
		};
/* End PBXSourcesBuildPhase section */

/* Begin PBXTargetDependency section */
		02D265E36B8943B1B54414D8 /* PBXTargetDependency */ = {
			isa = PBXTargetDependency;
			target = B681577BB72BB55817BE43E6 /* NotificationService */;
			targetProxy = 3C4F5B393AE070B127E8B2A2 /* PBXContainerItemProxy */;
		};
/* End PBXTargetDependency section */

/* Begin PBXVariantGroup section */
		21E496B5D944391AA42862B4 /* LaunchScreen.storyboard */ = {
			isa = PBXVariantGroup;
			children = (
				8CE46B6A8BC32C4E80DD8CA4 /* Base */,
			);
			name = LaunchScreen.storyboard;
			sourceTree = "<group>";
		};
		AC0AEFF3AC3329E041214FB1 /* Main.storyboard */ = {
			isa = PBXVariantGroup;
			children = (
				3C6D0B11292492D7AFB3AF13 /* Base */,
			);
			name = Main.storyboard;
			sourceTree = "<group>";
		};
/* End PBXVariantGroup section */

/* Begin XCBuildConfiguration section */
		8182DA66E3DAC314D386C2B6 /* Release */ = {
			isa = XCBuildConfiguration;
			buildSettings = {
				ASSETCATALOG_COMPILER_APPICON_NAME = AppIcon;
				ASSETCATALOG_COMPILER_GLOBAL_ACCENT_COLOR_NAME = AccentColor;
				CODE_SIGN_ENTITLEMENTS = QuickStart/QuickStart.entitlements;
				CODE_SIGN_IDENTITY = "Apple Development";
				CODE_SIGN_STYLE = Automatic;
				CURRENT_PROJECT_VERSION = 1;
				DEVELOPMENT_TEAM = RM4A5PXTUX;
				FRAMEWORK_SEARCH_PATHS = "";
				INFOPLIST_FILE = QuickStart/Info.plist;
				IPHONEOS_DEPLOYMENT_TARGET = 12.0;
				LD_RUNPATH_SEARCH_PATHS = (
					"$(inherited)",
					"@executable_path/Frameworks",
					"@loader_path/Frameworks",
				);
				MARKETING_VERSION = 3.29.2;
				PRODUCT_BUNDLE_IDENTIFIER = com.sendbird.uikit.sample;
				PRODUCT_NAME = "$(TARGET_NAME)";
				SDKROOT = iphoneos;
				SWIFT_VERSION = 5.0;
				TARGETED_DEVICE_FAMILY = "1,2";
				VERSIONING_SYSTEM = "apple-generic";
				VERSION_INFO_PREFIX = "";
			};
			name = Release;
		};
		91EA7336925FCC000EE2F94B /* Debug */ = {
			isa = XCBuildConfiguration;
			buildSettings = {
				ASSETCATALOG_COMPILER_APPICON_NAME = AppIcon;
				ASSETCATALOG_COMPILER_GLOBAL_ACCENT_COLOR_NAME = AccentColor;
				CODE_SIGN_ENTITLEMENTS = QuickStart/QuickStart.entitlements;
				CODE_SIGN_IDENTITY = "Apple Development";
				CODE_SIGN_STYLE = Automatic;
				CURRENT_PROJECT_VERSION = 1;
				DEVELOPMENT_TEAM = RM4A5PXTUX;
				FRAMEWORK_SEARCH_PATHS = "";
				INFOPLIST_FILE = QuickStart/Info.plist;
				IPHONEOS_DEPLOYMENT_TARGET = 12.0;
				LD_RUNPATH_SEARCH_PATHS = (
					"$(inherited)",
					"@executable_path/Frameworks",
					"@loader_path/Frameworks",
				);
				MARKETING_VERSION = 3.29.2;
				PRODUCT_BUNDLE_IDENTIFIER = com.sendbird.uikit.sample;
				PRODUCT_NAME = "$(TARGET_NAME)";
				SDKROOT = iphoneos;
				SWIFT_VERSION = 5.0;
				TARGETED_DEVICE_FAMILY = "1,2";
				VERSIONING_SYSTEM = "apple-generic";
				VERSION_INFO_PREFIX = "";
			};
			name = Debug;
		};
		C4382ED4A04CBB7AFD8077C9 /* Release */ = {
			isa = XCBuildConfiguration;
			buildSettings = {
				ALWAYS_SEARCH_USER_PATHS = NO;
				CLANG_ANALYZER_NONNULL = YES;
				CLANG_ANALYZER_NUMBER_OBJECT_CONVERSION = YES_AGGRESSIVE;
				CLANG_CXX_LANGUAGE_STANDARD = "gnu++14";
				CLANG_CXX_LIBRARY = "libc++";
				CLANG_ENABLE_MODULES = YES;
				CLANG_ENABLE_OBJC_ARC = YES;
				CLANG_ENABLE_OBJC_WEAK = YES;
				CLANG_WARN_BLOCK_CAPTURE_AUTORELEASING = YES;
				CLANG_WARN_BOOL_CONVERSION = YES;
				CLANG_WARN_COMMA = YES;
				CLANG_WARN_CONSTANT_CONVERSION = YES;
				CLANG_WARN_DEPRECATED_OBJC_IMPLEMENTATIONS = YES;
				CLANG_WARN_DIRECT_OBJC_ISA_USAGE = YES_ERROR;
				CLANG_WARN_DOCUMENTATION_COMMENTS = YES;
				CLANG_WARN_EMPTY_BODY = YES;
				CLANG_WARN_ENUM_CONVERSION = YES;
				CLANG_WARN_INFINITE_RECURSION = YES;
				CLANG_WARN_INT_CONVERSION = YES;
				CLANG_WARN_NON_LITERAL_NULL_CONVERSION = YES;
				CLANG_WARN_OBJC_IMPLICIT_RETAIN_SELF = YES;
				CLANG_WARN_OBJC_LITERAL_CONVERSION = YES;
				CLANG_WARN_OBJC_ROOT_CLASS = YES_ERROR;
				CLANG_WARN_QUOTED_INCLUDE_IN_FRAMEWORK_HEADER = YES;
				CLANG_WARN_RANGE_LOOP_ANALYSIS = YES;
				CLANG_WARN_STRICT_PROTOTYPES = YES;
				CLANG_WARN_SUSPICIOUS_MOVE = YES;
				CLANG_WARN_UNGUARDED_AVAILABILITY = YES_AGGRESSIVE;
				CLANG_WARN_UNREACHABLE_CODE = YES;
				CLANG_WARN__DUPLICATE_METHOD_MATCH = YES;
				COPY_PHASE_STRIP = NO;
				DEBUG_INFORMATION_FORMAT = "dwarf-with-dsym";
				ENABLE_NS_ASSERTIONS = NO;
				ENABLE_STRICT_OBJC_MSGSEND = YES;
				GCC_C_LANGUAGE_STANDARD = gnu11;
				GCC_NO_COMMON_BLOCKS = YES;
				GCC_WARN_64_TO_32_BIT_CONVERSION = YES;
				GCC_WARN_ABOUT_RETURN_TYPE = YES_ERROR;
				GCC_WARN_UNDECLARED_SELECTOR = YES;
				GCC_WARN_UNINITIALIZED_AUTOS = YES_AGGRESSIVE;
				GCC_WARN_UNUSED_FUNCTION = YES;
				GCC_WARN_UNUSED_VARIABLE = YES;
				MTL_ENABLE_DEBUG_INFO = NO;
				MTL_FAST_MATH = YES;
				PRODUCT_NAME = "$(TARGET_NAME)";
				SDKROOT = iphoneos;
				SWIFT_COMPILATION_MODE = wholemodule;
				SWIFT_OPTIMIZATION_LEVEL = "-O";
				SWIFT_VERSION = 5.0;
			};
			name = Release;
		};
		C907156FBB5694DC82D01DA0 /* Debug */ = {
			isa = XCBuildConfiguration;
			buildSettings = {
				ALWAYS_SEARCH_USER_PATHS = NO;
				CLANG_ANALYZER_NONNULL = YES;
				CLANG_ANALYZER_NUMBER_OBJECT_CONVERSION = YES_AGGRESSIVE;
				CLANG_CXX_LANGUAGE_STANDARD = "gnu++14";
				CLANG_CXX_LIBRARY = "libc++";
				CLANG_ENABLE_MODULES = YES;
				CLANG_ENABLE_OBJC_ARC = YES;
				CLANG_ENABLE_OBJC_WEAK = YES;
				CLANG_WARN_BLOCK_CAPTURE_AUTORELEASING = YES;
				CLANG_WARN_BOOL_CONVERSION = YES;
				CLANG_WARN_COMMA = YES;
				CLANG_WARN_CONSTANT_CONVERSION = YES;
				CLANG_WARN_DEPRECATED_OBJC_IMPLEMENTATIONS = YES;
				CLANG_WARN_DIRECT_OBJC_ISA_USAGE = YES_ERROR;
				CLANG_WARN_DOCUMENTATION_COMMENTS = YES;
				CLANG_WARN_EMPTY_BODY = YES;
				CLANG_WARN_ENUM_CONVERSION = YES;
				CLANG_WARN_INFINITE_RECURSION = YES;
				CLANG_WARN_INT_CONVERSION = YES;
				CLANG_WARN_NON_LITERAL_NULL_CONVERSION = YES;
				CLANG_WARN_OBJC_IMPLICIT_RETAIN_SELF = YES;
				CLANG_WARN_OBJC_LITERAL_CONVERSION = YES;
				CLANG_WARN_OBJC_ROOT_CLASS = YES_ERROR;
				CLANG_WARN_QUOTED_INCLUDE_IN_FRAMEWORK_HEADER = YES;
				CLANG_WARN_RANGE_LOOP_ANALYSIS = YES;
				CLANG_WARN_STRICT_PROTOTYPES = YES;
				CLANG_WARN_SUSPICIOUS_MOVE = YES;
				CLANG_WARN_UNGUARDED_AVAILABILITY = YES_AGGRESSIVE;
				CLANG_WARN_UNREACHABLE_CODE = YES;
				CLANG_WARN__DUPLICATE_METHOD_MATCH = YES;
				COPY_PHASE_STRIP = NO;
				DEBUG_INFORMATION_FORMAT = dwarf;
				ENABLE_STRICT_OBJC_MSGSEND = YES;
				ENABLE_TESTABILITY = YES;
				GCC_C_LANGUAGE_STANDARD = gnu11;
				GCC_DYNAMIC_NO_PIC = NO;
				GCC_NO_COMMON_BLOCKS = YES;
				GCC_OPTIMIZATION_LEVEL = 0;
				GCC_PREPROCESSOR_DEFINITIONS = (
					"$(inherited)",
					"DEBUG=1",
				);
				GCC_WARN_64_TO_32_BIT_CONVERSION = YES;
				GCC_WARN_ABOUT_RETURN_TYPE = YES_ERROR;
				GCC_WARN_UNDECLARED_SELECTOR = YES;
				GCC_WARN_UNINITIALIZED_AUTOS = YES_AGGRESSIVE;
				GCC_WARN_UNUSED_FUNCTION = YES;
				GCC_WARN_UNUSED_VARIABLE = YES;
				MTL_ENABLE_DEBUG_INFO = INCLUDE_SOURCE;
				MTL_FAST_MATH = YES;
				ONLY_ACTIVE_ARCH = YES;
				PRODUCT_NAME = "$(TARGET_NAME)";
				SDKROOT = iphoneos;
				SWIFT_ACTIVE_COMPILATION_CONDITIONS = DEBUG;
				SWIFT_OPTIMIZATION_LEVEL = "-Onone";
				SWIFT_VERSION = 5.0;
			};
			name = Debug;
		};
		D9B8D25F2B72CE41184A81DC /* Release */ = {
			isa = XCBuildConfiguration;
			buildSettings = {
				ASSETCATALOG_COMPILER_GLOBAL_ACCENT_COLOR_NAME = AccentColor;
				CLANG_WARN_QUOTED_INCLUDE_IN_FRAMEWORK_HEADER = YES;
				CODE_SIGN_ENTITLEMENTS = NotificationService/NotificationService.entitlements;
				CODE_SIGN_STYLE = Automatic;
				CURRENT_PROJECT_VERSION = 1;
				DEVELOPMENT_TEAM = RM4A5PXTUX;
				FRAMEWORK_SEARCH_PATHS = "";
				GENERATE_INFOPLIST_FILE = YES;
				INFOPLIST_FILE = NotificationService/Info.plist;
				IPHONEOS_DEPLOYMENT_TARGET = 12.0;
				LD_RUNPATH_SEARCH_PATHS = (
					"$(inherited)",
					"@executable_path/Frameworks",
					"@loader_path/Frameworks",
				);
				MARKETING_VERSION = 3.29.2;
				PRODUCT_BUNDLE_IDENTIFIER = com.sendbird.uikit.sample.NotificationService;
				PRODUCT_NAME = "$(TARGET_NAME)";
				SDKROOT = iphoneos;
				SWIFT_VERSION = 5.0;
				TARGETED_DEVICE_FAMILY = "1,2";
				VERSIONING_SYSTEM = "apple-generic";
				VERSION_INFO_PREFIX = "";
			};
			name = Release;
		};
		F2CD40F0F2CBF0D88E98E3D4 /* Debug */ = {
			isa = XCBuildConfiguration;
			buildSettings = {
				ASSETCATALOG_COMPILER_GLOBAL_ACCENT_COLOR_NAME = AccentColor;
				CLANG_WARN_QUOTED_INCLUDE_IN_FRAMEWORK_HEADER = YES;
				CODE_SIGN_ENTITLEMENTS = NotificationService/NotificationService.entitlements;
				CODE_SIGN_STYLE = Automatic;
				CURRENT_PROJECT_VERSION = 1;
				DEVELOPMENT_TEAM = RM4A5PXTUX;
				FRAMEWORK_SEARCH_PATHS = "";
				GENERATE_INFOPLIST_FILE = YES;
				INFOPLIST_FILE = NotificationService/Info.plist;
				IPHONEOS_DEPLOYMENT_TARGET = 12.0;
				LD_RUNPATH_SEARCH_PATHS = (
					"$(inherited)",
					"@executable_path/Frameworks",
					"@loader_path/Frameworks",
				);
				MARKETING_VERSION = 3.29.2;
				PRODUCT_BUNDLE_IDENTIFIER = com.sendbird.uikit.sample.NotificationService;
				PRODUCT_NAME = "$(TARGET_NAME)";
				SDKROOT = iphoneos;
				SWIFT_VERSION = 5.0;
				TARGETED_DEVICE_FAMILY = "1,2";
				VERSIONING_SYSTEM = "apple-generic";
				VERSION_INFO_PREFIX = "";
			};
			name = Debug;
		};
/* End XCBuildConfiguration section */

/* Begin XCConfigurationList section */
		67EE380F530AE0E9A227A123 /* Build configuration list for PBXNativeTarget "NotificationService" */ = {
			isa = XCConfigurationList;
			buildConfigurations = (
				F2CD40F0F2CBF0D88E98E3D4 /* Debug */,
				D9B8D25F2B72CE41184A81DC /* Release */,
			);
			defaultConfigurationIsVisible = 0;
			defaultConfigurationName = Debug;
		};
		8861DA78869735219C78A80B /* Build configuration list for PBXProject "QuickStart" */ = {
			isa = XCConfigurationList;
			buildConfigurations = (
				C907156FBB5694DC82D01DA0 /* Debug */,
				C4382ED4A04CBB7AFD8077C9 /* Release */,
			);
			defaultConfigurationIsVisible = 0;
			defaultConfigurationName = Debug;
		};
		E56547A5474ED0995ADC96A0 /* Build configuration list for PBXNativeTarget "QuickStart" */ = {
			isa = XCConfigurationList;
			buildConfigurations = (
				91EA7336925FCC000EE2F94B /* Debug */,
				8182DA66E3DAC314D386C2B6 /* Release */,
			);
			defaultConfigurationIsVisible = 0;
			defaultConfigurationName = Debug;
		};
/* End XCConfigurationList section */

/* Begin XCRemoteSwiftPackageReference section */
		4935A9393C043AF555B43E51 /* XCRemoteSwiftPackageReference "sendbird-uikit-ios-spm" */ = {
			isa = XCRemoteSwiftPackageReference;
			repositoryURL = "https://github.com/sendbird/sendbird-uikit-ios-spm";
			requirement = {
				kind = upToNextMajorVersion;
				minimumVersion = 3.29.2;
			};
		};
		A4CD81EE92C875D0E22463C6 /* XCRemoteSwiftPackageReference "sendbird-chat-sdk-ios" */ = {
			isa = XCRemoteSwiftPackageReference;
			repositoryURL = "https://github.com/sendbird/sendbird-chat-sdk-ios";
			requirement = {
				kind = upToNextMajorVersion;
				minimumVersion = 4.23.1;
			};
		};
/* End XCRemoteSwiftPackageReference section */

/* Begin XCSwiftPackageProductDependency section */
		1A9837068C5F36FF6F7E3E7C /* SendbirdUIMessageTemplate */ = {
			isa = XCSwiftPackageProductDependency;
			package = 4935A9393C043AF555B43E51 /* XCRemoteSwiftPackageReference "sendbird-uikit-ios-spm" */;
			productName = SendbirdUIMessageTemplate;
		};
		74778F0EA153D6775D8BC4F6 /* SendbirdChatSDK */ = {
			isa = XCSwiftPackageProductDependency;
			package = A4CD81EE92C875D0E22463C6 /* XCRemoteSwiftPackageReference "sendbird-chat-sdk-ios" */;
			productName = SendbirdChatSDK;
		};
		77A9A36DBD29E031538383BA /* SendbirdUIKit */ = {
			isa = XCSwiftPackageProductDependency;
			package = 4935A9393C043AF555B43E51 /* XCRemoteSwiftPackageReference "sendbird-uikit-ios-spm" */;
			productName = SendbirdUIKit;
		};
/* End XCSwiftPackageProductDependency section */
	};
	rootObject = 7F2D84C08194A453C686D4F4 /* Project object */;
}
